// !$*UTF8*$!
{
	archiveVersion = 1;
	classes = {
	};
	objectVersion = 56;
	objects = {

/* Begin PBXBuildFile section */
		09D5F1CE52AAFB32B8B79417 /* Pods_ReFridge.framework in Frameworks */ = {isa = PBXBuildFile; fileRef = 7BF189C45662E7553E5D97B2 /* Pods_ReFridge.framework */; };
		EB2F0C652BCB74AB00FFBED5 /* AddItemViewController.swift in Sources */ = {isa = PBXBuildFile; fileRef = EB2F0C642BCB74AB00FFBED5 /* AddItemViewController.swift */; };
		EB2F0C672BCB7C3700FFBED5 /* FormatterManager.swift in Sources */ = {isa = PBXBuildFile; fileRef = EB2F0C662BCB7C3700FFBED5 /* FormatterManager.swift */; };
		EB2F1D8D2BCE1C58000C9295 /* Double+Ext.swift in Sources */ = {isa = PBXBuildFile; fileRef = EB2F1D8C2BCE1C58000C9295 /* Double+Ext.swift */; };
		EB425BDB2BCF7D74000C75A6 /* Filter.swift in Sources */ = {isa = PBXBuildFile; fileRef = EB425BDA2BCF7D74000C75A6 /* Filter.swift */; };
		EB425BDE2BD0DEF8000C75A6 /* ChartViewController.swift in Sources */ = {isa = PBXBuildFile; fileRef = EB425BDD2BD0DEF8000C75A6 /* ChartViewController.swift */; };
		EB425BE02BD0F873000C75A6 /* UIColor+Ext.swift in Sources */ = {isa = PBXBuildFile; fileRef = EB425BDF2BD0F873000C75A6 /* UIColor+Ext.swift */; };
		EB425BE22BD12FDA000C75A6 /* PieChartView.swift in Sources */ = {isa = PBXBuildFile; fileRef = EB425BE12BD12FDA000C75A6 /* PieChartView.swift */; };
		EB425BE42BD1354D000C75A6 /* BarChartView.swift in Sources */ = {isa = PBXBuildFile; fileRef = EB425BE32BD1354D000C75A6 /* BarChartView.swift */; };
		EB425BE62BD145DD000C75A6 /* ChartCounts.swift in Sources */ = {isa = PBXBuildFile; fileRef = EB425BE52BD145DD000C75A6 /* ChartCounts.swift */; };
		EB493AF22BD35E41006204D8 /* AddFoodCardViewController.swift in Sources */ = {isa = PBXBuildFile; fileRef = EB493AF12BD35E41006204D8 /* AddFoodCardViewController.swift */; };
		EB493AF62BD35EA2006204D8 /* CardTypeCell.swift in Sources */ = {isa = PBXBuildFile; fileRef = EB493AF42BD35EA2006204D8 /* CardTypeCell.swift */; };
		EB493AF72BD35EA2006204D8 /* CardTypeCell.xib in Resources */ = {isa = PBXBuildFile; fileRef = EB493AF52BD35EA2006204D8 /* CardTypeCell.xib */; };
		EB493AFA2BD363A1006204D8 /* CardInfoCell.swift in Sources */ = {isa = PBXBuildFile; fileRef = EB493AF82BD363A1006204D8 /* CardInfoCell.swift */; };
		EB493AFB2BD363A1006204D8 /* CardInfoCell.xib in Resources */ = {isa = PBXBuildFile; fileRef = EB493AF92BD363A1006204D8 /* CardInfoCell.xib */; };
		EB84D43A2BD24661008E274C /* Scores.swift in Sources */ = {isa = PBXBuildFile; fileRef = EB84D4392BD24661008E274C /* Scores.swift */; };
		EB84D43C2BD2862A008E274C /* AddFoodTypeViewController.swift in Sources */ = {isa = PBXBuildFile; fileRef = EB84D43B2BD2862A008E274C /* AddFoodTypeViewController.swift */; };
		EB84D4402BD29AA7008E274C /* TypeImageCell.swift in Sources */ = {isa = PBXBuildFile; fileRef = EB84D43E2BD29AA7008E274C /* TypeImageCell.swift */; };
		EB84D4412BD29AA7008E274C /* TypeImageCell.xib in Resources */ = {isa = PBXBuildFile; fileRef = EB84D43F2BD29AA7008E274C /* TypeImageCell.xib */; };
		EB88937D2BCADFE600189B7C /* ListItem.swift in Sources */ = {isa = PBXBuildFile; fileRef = EB88937C2BCADFE600189B7C /* ListItem.swift */; };
		EB8893802BCAE7CD00189B7C /* ShoppingListViewController.swift in Sources */ = {isa = PBXBuildFile; fileRef = EB88937F2BCAE7CD00189B7C /* ShoppingListViewController.swift */; };
		EB8893822BCAE7E700189B7C /* ListCell.swift in Sources */ = {isa = PBXBuildFile; fileRef = EB8893812BCAE7E700189B7C /* ListCell.swift */; };
		EBAC18902BC98325002BB6E7 /* FoodTypeViewController.swift in Sources */ = {isa = PBXBuildFile; fileRef = EBAC188F2BC98325002BB6E7 /* FoodTypeViewController.swift */; };
		EBAC18932BCA22F0002BB6E7 /* FirebaseAuth in Frameworks */ = {isa = PBXBuildFile; productRef = EBAC18922BCA22F0002BB6E7 /* FirebaseAuth */; };
		EBAC18952BCA22F0002BB6E7 /* FirebaseFirestore in Frameworks */ = {isa = PBXBuildFile; productRef = EBAC18942BCA22F0002BB6E7 /* FirebaseFirestore */; };
		EBAD131D2BCCDEB000F40A71 /* TextScanManager.swift in Sources */ = {isa = PBXBuildFile; fileRef = EBAD131C2BCCDEB000F40A71 /* TextScanManager.swift */; };
		EBAD13202BCCF75000F40A71 /* RecongCell.swift in Sources */ = {isa = PBXBuildFile; fileRef = EBAD131F2BCCF75000F40A71 /* RecongCell.swift */; };
		EBAD13222BCCF78200F40A71 /* NotRecongCell.swift in Sources */ = {isa = PBXBuildFile; fileRef = EBAD13212BCCF78200F40A71 /* NotRecongCell.swift */; };
		EBAD13242BCCF7A800F40A71 /* ScanResultViewController.swift in Sources */ = {isa = PBXBuildFile; fileRef = EBAD13232BCCF7A800F40A71 /* ScanResultViewController.swift */; };
		EBAD13262BCCFDCB00F40A71 /* ScanTextItem.swift in Sources */ = {isa = PBXBuildFile; fileRef = EBAD13252BCCFDCB00F40A71 /* ScanTextItem.swift */; };
		EBCAFFC62BD36D0600F3DBFD /* UITableView+Ext.swift in Sources */ = {isa = PBXBuildFile; fileRef = EBCAFFC52BD36D0600F3DBFD /* UITableView+Ext.swift */; };
		EBCC794F2BCA2CB90029B754 /* RecipeCell.swift in Sources */ = {isa = PBXBuildFile; fileRef = EBCC794E2BCA2CB90029B754 /* RecipeCell.swift */; };
		EBCC79512BCA2CD50029B754 /* RecipeViewController.swift in Sources */ = {isa = PBXBuildFile; fileRef = EBCC79502BCA2CD50029B754 /* RecipeViewController.swift */; };
		EBCC79532BCA345A0029B754 /* Recipe.swift in Sources */ = {isa = PBXBuildFile; fileRef = EBCC79522BCA345A0029B754 /* Recipe.swift */; };
		EBCC79552BCA5D920029B754 /* IngredientStatus.swift in Sources */ = {isa = PBXBuildFile; fileRef = EBCC79542BCA5D920029B754 /* IngredientStatus.swift */; };
		EBCC79582BCA71BF0029B754 /* RecipeDetailViewController.swift in Sources */ = {isa = PBXBuildFile; fileRef = EBCC79572BCA71BF0029B754 /* RecipeDetailViewController.swift */; };
		EBCC795A2BCA73A10029B754 /* RecipeTitleCell.swift in Sources */ = {isa = PBXBuildFile; fileRef = EBCC79592BCA73A10029B754 /* RecipeTitleCell.swift */; };
		EBCC795C2BCA73B90029B754 /* RecipeDescriptionCell.swift in Sources */ = {isa = PBXBuildFile; fileRef = EBCC795B2BCA73B90029B754 /* RecipeDescriptionCell.swift */; };
		EBCC795E2BCA73D30029B754 /* RecipeIngredientCell.swift in Sources */ = {isa = PBXBuildFile; fileRef = EBCC795D2BCA73D30029B754 /* RecipeIngredientCell.swift */; };
		EBCC79602BCA73F00029B754 /* RecipeStepCell.swift in Sources */ = {isa = PBXBuildFile; fileRef = EBCC795F2BCA73F00029B754 /* RecipeStepCell.swift */; };
		EBF88E312BC5703E00DEF2FA /* AppDelegate.swift in Sources */ = {isa = PBXBuildFile; fileRef = EBF88E302BC5703E00DEF2FA /* AppDelegate.swift */; };
		EBF88E332BC5703E00DEF2FA /* SceneDelegate.swift in Sources */ = {isa = PBXBuildFile; fileRef = EBF88E322BC5703E00DEF2FA /* SceneDelegate.swift */; };
		EBF88E352BC5703E00DEF2FA /* MyFridgeViewController.swift in Sources */ = {isa = PBXBuildFile; fileRef = EBF88E342BC5703E00DEF2FA /* MyFridgeViewController.swift */; };
		EBF88E382BC5703E00DEF2FA /* Main.storyboard in Resources */ = {isa = PBXBuildFile; fileRef = EBF88E362BC5703E00DEF2FA /* Main.storyboard */; };
		EBF88E3A2BC5704200DEF2FA /* Assets.xcassets in Resources */ = {isa = PBXBuildFile; fileRef = EBF88E392BC5704200DEF2FA /* Assets.xcassets */; };
		EBF88E3D2BC5704200DEF2FA /* LaunchScreen.storyboard in Resources */ = {isa = PBXBuildFile; fileRef = EBF88E3B2BC5704200DEF2FA /* LaunchScreen.storyboard */; };
		EBFF62C22BC789380013F50F /* FirestoreManager.swift in Sources */ = {isa = PBXBuildFile; fileRef = EBFF62C12BC789380013F50F /* FirestoreManager.swift */; };
		EBFF62C42BC78FD50013F50F /* GoogleService-Info.plist in Resources */ = {isa = PBXBuildFile; fileRef = EBFF62C32BC78FD40013F50F /* GoogleService-Info.plist */; };
		EBFF62C72BC7982E0013F50F /* FoodCardViewController.swift in Sources */ = {isa = PBXBuildFile; fileRef = EBFF62C62BC7982E0013F50F /* FoodCardViewController.swift */; };
		EBFF62CC2BC79D650013F50F /* FoodTypeCell.swift in Sources */ = {isa = PBXBuildFile; fileRef = EBFF62CA2BC79D650013F50F /* FoodTypeCell.swift */; };
		EBFF62CD2BC79D650013F50F /* FoodTypeCell.xib in Resources */ = {isa = PBXBuildFile; fileRef = EBFF62CB2BC79D650013F50F /* FoodTypeCell.xib */; };
		EBFF62D02BC79F9E0013F50F /* UICollectionView+Ext.swift in Sources */ = {isa = PBXBuildFile; fileRef = EBFF62CF2BC79F9E0013F50F /* UICollectionView+Ext.swift */; };
		EBFF62D32BC7C9E10013F50F /* FoodCard.swift in Sources */ = {isa = PBXBuildFile; fileRef = EBFF62D22BC7C9E10013F50F /* FoodCard.swift */; };
		EBFF62D52BC7CF7F0013F50F /* FoodType.swift in Sources */ = {isa = PBXBuildFile; fileRef = EBFF62D42BC7CF7F0013F50F /* FoodType.swift */; };
		EBFF62D72BC7E4750013F50F /* UIImage+Ext.swift in Sources */ = {isa = PBXBuildFile; fileRef = EBFF62D62BC7E4750013F50F /* UIImage+Ext.swift */; };
		EBFF62DD2BC8197A0013F50F /* FoodCardCell.swift in Sources */ = {isa = PBXBuildFile; fileRef = EBFF62DB2BC8197A0013F50F /* FoodCardCell.swift */; };
		EBFF62DE2BC8197A0013F50F /* FoodCardCell.xib in Resources */ = {isa = PBXBuildFile; fileRef = EBFF62DC2BC8197A0013F50F /* FoodCardCell.xib */; };
		EBFF62E02BC8565E0013F50F /* Date+Ext.swift in Sources */ = {isa = PBXBuildFile; fileRef = EBFF62DF2BC8565E0013F50F /* Date+Ext.swift */; };
/* End PBXBuildFile section */

/* Begin PBXFileReference section */
		2A2A3BE874E2D79E74386116 /* Pods-ReFridge.debug.xcconfig */ = {isa = PBXFileReference; includeInIndex = 1; lastKnownFileType = text.xcconfig; name = "Pods-ReFridge.debug.xcconfig"; path = "Target Support Files/Pods-ReFridge/Pods-ReFridge.debug.xcconfig"; sourceTree = "<group>"; };
		7BF189C45662E7553E5D97B2 /* Pods_ReFridge.framework */ = {isa = PBXFileReference; explicitFileType = wrapper.framework; includeInIndex = 0; path = Pods_ReFridge.framework; sourceTree = BUILT_PRODUCTS_DIR; };
		CB7EF03CBFBE351CEBCF8C77 /* Pods-ReFridge.release.xcconfig */ = {isa = PBXFileReference; includeInIndex = 1; lastKnownFileType = text.xcconfig; name = "Pods-ReFridge.release.xcconfig"; path = "Target Support Files/Pods-ReFridge/Pods-ReFridge.release.xcconfig"; sourceTree = "<group>"; };
		EB2F0C642BCB74AB00FFBED5 /* AddItemViewController.swift */ = {isa = PBXFileReference; lastKnownFileType = sourcecode.swift; path = AddItemViewController.swift; sourceTree = "<group>"; };
		EB2F0C662BCB7C3700FFBED5 /* FormatterManager.swift */ = {isa = PBXFileReference; lastKnownFileType = sourcecode.swift; path = FormatterManager.swift; sourceTree = "<group>"; };
		EB2F1D8C2BCE1C58000C9295 /* Double+Ext.swift */ = {isa = PBXFileReference; lastKnownFileType = sourcecode.swift; path = "Double+Ext.swift"; sourceTree = "<group>"; };
		EB425BDA2BCF7D74000C75A6 /* Filter.swift */ = {isa = PBXFileReference; lastKnownFileType = sourcecode.swift; path = Filter.swift; sourceTree = "<group>"; };
		EB425BDD2BD0DEF8000C75A6 /* ChartViewController.swift */ = {isa = PBXFileReference; lastKnownFileType = sourcecode.swift; path = ChartViewController.swift; sourceTree = "<group>"; };
		EB425BDF2BD0F873000C75A6 /* UIColor+Ext.swift */ = {isa = PBXFileReference; lastKnownFileType = sourcecode.swift; path = "UIColor+Ext.swift"; sourceTree = "<group>"; };
		EB425BE12BD12FDA000C75A6 /* PieChartView.swift */ = {isa = PBXFileReference; lastKnownFileType = sourcecode.swift; path = PieChartView.swift; sourceTree = "<group>"; };
		EB425BE32BD1354D000C75A6 /* BarChartView.swift */ = {isa = PBXFileReference; lastKnownFileType = sourcecode.swift; path = BarChartView.swift; sourceTree = "<group>"; };
		EB425BE52BD145DD000C75A6 /* ChartCounts.swift */ = {isa = PBXFileReference; lastKnownFileType = sourcecode.swift; path = ChartCounts.swift; sourceTree = "<group>"; };
		EB493AF12BD35E41006204D8 /* AddFoodCardViewController.swift */ = {isa = PBXFileReference; lastKnownFileType = sourcecode.swift; path = AddFoodCardViewController.swift; sourceTree = "<group>"; };
		EB493AF42BD35EA2006204D8 /* CardTypeCell.swift */ = {isa = PBXFileReference; lastKnownFileType = sourcecode.swift; path = CardTypeCell.swift; sourceTree = "<group>"; };
		EB493AF52BD35EA2006204D8 /* CardTypeCell.xib */ = {isa = PBXFileReference; lastKnownFileType = file.xib; path = CardTypeCell.xib; sourceTree = "<group>"; };
		EB493AF82BD363A1006204D8 /* CardInfoCell.swift */ = {isa = PBXFileReference; lastKnownFileType = sourcecode.swift; path = CardInfoCell.swift; sourceTree = "<group>"; };
		EB493AF92BD363A1006204D8 /* CardInfoCell.xib */ = {isa = PBXFileReference; lastKnownFileType = file.xib; path = CardInfoCell.xib; sourceTree = "<group>"; };
		EB84D4392BD24661008E274C /* Scores.swift */ = {isa = PBXFileReference; lastKnownFileType = sourcecode.swift; path = Scores.swift; sourceTree = "<group>"; };
		EB84D43B2BD2862A008E274C /* AddFoodTypeViewController.swift */ = {isa = PBXFileReference; lastKnownFileType = sourcecode.swift; path = AddFoodTypeViewController.swift; sourceTree = "<group>"; };
		EB84D43E2BD29AA7008E274C /* TypeImageCell.swift */ = {isa = PBXFileReference; lastKnownFileType = sourcecode.swift; path = TypeImageCell.swift; sourceTree = "<group>"; };
		EB84D43F2BD29AA7008E274C /* TypeImageCell.xib */ = {isa = PBXFileReference; lastKnownFileType = file.xib; path = TypeImageCell.xib; sourceTree = "<group>"; };
		EB88937C2BCADFE600189B7C /* ListItem.swift */ = {isa = PBXFileReference; lastKnownFileType = sourcecode.swift; path = ListItem.swift; sourceTree = "<group>"; };
		EB88937F2BCAE7CD00189B7C /* ShoppingListViewController.swift */ = {isa = PBXFileReference; lastKnownFileType = sourcecode.swift; path = ShoppingListViewController.swift; sourceTree = "<group>"; };
		EB8893812BCAE7E700189B7C /* ListCell.swift */ = {isa = PBXFileReference; lastKnownFileType = sourcecode.swift; path = ListCell.swift; sourceTree = "<group>"; };
		EBAC188F2BC98325002BB6E7 /* FoodTypeViewController.swift */ = {isa = PBXFileReference; fileEncoding = 4; lastKnownFileType = sourcecode.swift; path = FoodTypeViewController.swift; sourceTree = "<group>"; };
		EBAD131C2BCCDEB000F40A71 /* TextScanManager.swift */ = {isa = PBXFileReference; lastKnownFileType = sourcecode.swift; path = TextScanManager.swift; sourceTree = "<group>"; };
		EBAD131F2BCCF75000F40A71 /* RecongCell.swift */ = {isa = PBXFileReference; lastKnownFileType = sourcecode.swift; path = RecongCell.swift; sourceTree = "<group>"; };
		EBAD13212BCCF78200F40A71 /* NotRecongCell.swift */ = {isa = PBXFileReference; lastKnownFileType = sourcecode.swift; path = NotRecongCell.swift; sourceTree = "<group>"; };
		EBAD13232BCCF7A800F40A71 /* ScanResultViewController.swift */ = {isa = PBXFileReference; lastKnownFileType = sourcecode.swift; path = ScanResultViewController.swift; sourceTree = "<group>"; };
		EBAD13252BCCFDCB00F40A71 /* ScanTextItem.swift */ = {isa = PBXFileReference; lastKnownFileType = sourcecode.swift; path = ScanTextItem.swift; sourceTree = "<group>"; };
		EBCAFFC52BD36D0600F3DBFD /* UITableView+Ext.swift */ = {isa = PBXFileReference; lastKnownFileType = sourcecode.swift; path = "UITableView+Ext.swift"; sourceTree = "<group>"; };
		EBCC794E2BCA2CB90029B754 /* RecipeCell.swift */ = {isa = PBXFileReference; lastKnownFileType = sourcecode.swift; path = RecipeCell.swift; sourceTree = "<group>"; };
		EBCC79502BCA2CD50029B754 /* RecipeViewController.swift */ = {isa = PBXFileReference; lastKnownFileType = sourcecode.swift; path = RecipeViewController.swift; sourceTree = "<group>"; };
		EBCC79522BCA345A0029B754 /* Recipe.swift */ = {isa = PBXFileReference; lastKnownFileType = sourcecode.swift; path = Recipe.swift; sourceTree = "<group>"; };
		EBCC79542BCA5D920029B754 /* IngredientStatus.swift */ = {isa = PBXFileReference; lastKnownFileType = sourcecode.swift; path = IngredientStatus.swift; sourceTree = "<group>"; };
		EBCC79572BCA71BF0029B754 /* RecipeDetailViewController.swift */ = {isa = PBXFileReference; lastKnownFileType = sourcecode.swift; path = RecipeDetailViewController.swift; sourceTree = "<group>"; };
		EBCC79592BCA73A10029B754 /* RecipeTitleCell.swift */ = {isa = PBXFileReference; lastKnownFileType = sourcecode.swift; path = RecipeTitleCell.swift; sourceTree = "<group>"; };
		EBCC795B2BCA73B90029B754 /* RecipeDescriptionCell.swift */ = {isa = PBXFileReference; lastKnownFileType = sourcecode.swift; path = RecipeDescriptionCell.swift; sourceTree = "<group>"; };
		EBCC795D2BCA73D30029B754 /* RecipeIngredientCell.swift */ = {isa = PBXFileReference; lastKnownFileType = sourcecode.swift; path = RecipeIngredientCell.swift; sourceTree = "<group>"; };
		EBCC795F2BCA73F00029B754 /* RecipeStepCell.swift */ = {isa = PBXFileReference; lastKnownFileType = sourcecode.swift; path = RecipeStepCell.swift; sourceTree = "<group>"; };
		EBF88E2D2BC5703E00DEF2FA /* ReFridge.app */ = {isa = PBXFileReference; explicitFileType = wrapper.application; includeInIndex = 0; path = ReFridge.app; sourceTree = BUILT_PRODUCTS_DIR; };
		EBF88E302BC5703E00DEF2FA /* AppDelegate.swift */ = {isa = PBXFileReference; lastKnownFileType = sourcecode.swift; path = AppDelegate.swift; sourceTree = "<group>"; };
		EBF88E322BC5703E00DEF2FA /* SceneDelegate.swift */ = {isa = PBXFileReference; lastKnownFileType = sourcecode.swift; path = SceneDelegate.swift; sourceTree = "<group>"; };
		EBF88E342BC5703E00DEF2FA /* MyFridgeViewController.swift */ = {isa = PBXFileReference; lastKnownFileType = sourcecode.swift; path = MyFridgeViewController.swift; sourceTree = "<group>"; };
		EBF88E372BC5703E00DEF2FA /* Base */ = {isa = PBXFileReference; lastKnownFileType = file.storyboard; name = Base; path = Base.lproj/Main.storyboard; sourceTree = "<group>"; };
		EBF88E392BC5704200DEF2FA /* Assets.xcassets */ = {isa = PBXFileReference; lastKnownFileType = folder.assetcatalog; path = Assets.xcassets; sourceTree = "<group>"; };
		EBF88E3C2BC5704200DEF2FA /* Base */ = {isa = PBXFileReference; lastKnownFileType = file.storyboard; name = Base; path = Base.lproj/LaunchScreen.storyboard; sourceTree = "<group>"; };
		EBF88E3E2BC5704200DEF2FA /* Info.plist */ = {isa = PBXFileReference; lastKnownFileType = text.plist.xml; path = Info.plist; sourceTree = "<group>"; };
		EBFF62C12BC789380013F50F /* FirestoreManager.swift */ = {isa = PBXFileReference; lastKnownFileType = sourcecode.swift; path = FirestoreManager.swift; sourceTree = "<group>"; };
		EBFF62C32BC78FD40013F50F /* GoogleService-Info.plist */ = {isa = PBXFileReference; lastKnownFileType = text.plist; path = "GoogleService-Info.plist"; sourceTree = SOURCE_ROOT; };
		EBFF62C62BC7982E0013F50F /* FoodCardViewController.swift */ = {isa = PBXFileReference; lastKnownFileType = sourcecode.swift; path = FoodCardViewController.swift; sourceTree = "<group>"; };
		EBFF62CA2BC79D650013F50F /* FoodTypeCell.swift */ = {isa = PBXFileReference; lastKnownFileType = sourcecode.swift; path = FoodTypeCell.swift; sourceTree = "<group>"; };
		EBFF62CB2BC79D650013F50F /* FoodTypeCell.xib */ = {isa = PBXFileReference; lastKnownFileType = file.xib; path = FoodTypeCell.xib; sourceTree = "<group>"; };
		EBFF62CF2BC79F9E0013F50F /* UICollectionView+Ext.swift */ = {isa = PBXFileReference; lastKnownFileType = sourcecode.swift; path = "UICollectionView+Ext.swift"; sourceTree = "<group>"; };
		EBFF62D22BC7C9E10013F50F /* FoodCard.swift */ = {isa = PBXFileReference; lastKnownFileType = sourcecode.swift; path = FoodCard.swift; sourceTree = "<group>"; };
		EBFF62D42BC7CF7F0013F50F /* FoodType.swift */ = {isa = PBXFileReference; lastKnownFileType = sourcecode.swift; path = FoodType.swift; sourceTree = "<group>"; };
		EBFF62D62BC7E4750013F50F /* UIImage+Ext.swift */ = {isa = PBXFileReference; lastKnownFileType = sourcecode.swift; path = "UIImage+Ext.swift"; sourceTree = "<group>"; };
		EBFF62DB2BC8197A0013F50F /* FoodCardCell.swift */ = {isa = PBXFileReference; lastKnownFileType = sourcecode.swift; path = FoodCardCell.swift; sourceTree = "<group>"; };
		EBFF62DC2BC8197A0013F50F /* FoodCardCell.xib */ = {isa = PBXFileReference; lastKnownFileType = file.xib; path = FoodCardCell.xib; sourceTree = "<group>"; };
		EBFF62DF2BC8565E0013F50F /* Date+Ext.swift */ = {isa = PBXFileReference; lastKnownFileType = sourcecode.swift; path = "Date+Ext.swift"; sourceTree = "<group>"; };
/* End PBXFileReference section */

/* Begin PBXFrameworksBuildPhase section */
		EBF88E2A2BC5703E00DEF2FA /* Frameworks */ = {
			isa = PBXFrameworksBuildPhase;
			buildActionMask = 2147483647;
			files = (
				09D5F1CE52AAFB32B8B79417 /* Pods_ReFridge.framework in Frameworks */,
				EBAC18932BCA22F0002BB6E7 /* FirebaseAuth in Frameworks */,
				EBAC18952BCA22F0002BB6E7 /* FirebaseFirestore in Frameworks */,
			);
			runOnlyForDeploymentPostprocessing = 0;
		};
/* End PBXFrameworksBuildPhase section */

/* Begin PBXGroup section */
		22D9E3801F9236079ED991B8 /* Pods */ = {
			isa = PBXGroup;
			children = (
				2A2A3BE874E2D79E74386116 /* Pods-ReFridge.debug.xcconfig */,
				CB7EF03CBFBE351CEBCF8C77 /* Pods-ReFridge.release.xcconfig */,
			);
			path = Pods;
			sourceTree = "<group>";
		};
		8C0B61C3021579B8CC73B909 /* Frameworks */ = {
			isa = PBXGroup;
			children = (
				7BF189C45662E7553E5D97B2 /* Pods_ReFridge.framework */,
			);
			name = Frameworks;
			sourceTree = "<group>";
		};
		EB425BDC2BD0DE8C000C75A6 /* Chart */ = {
			isa = PBXGroup;
			children = (
				EB425BDD2BD0DEF8000C75A6 /* ChartViewController.swift */,
				EB425BE12BD12FDA000C75A6 /* PieChartView.swift */,
				EB425BE32BD1354D000C75A6 /* BarChartView.swift */,
			);
			path = Chart;
			sourceTree = "<group>";
		};
		EB493AF32BD35E50006204D8 /* CardCells */ = {
			isa = PBXGroup;
			children = (
				EB493AF42BD35EA2006204D8 /* CardTypeCell.swift */,
				EB493AF52BD35EA2006204D8 /* CardTypeCell.xib */,
				EB493AF82BD363A1006204D8 /* CardInfoCell.swift */,
				EB493AF92BD363A1006204D8 /* CardInfoCell.xib */,
			);
			path = CardCells;
			sourceTree = "<group>";
		};
		EB84D43D2BD29A6E008E274C /* TypeImageCell */ = {
			isa = PBXGroup;
			children = (
				EB84D43E2BD29AA7008E274C /* TypeImageCell.swift */,
				EB84D43F2BD29AA7008E274C /* TypeImageCell.xib */,
			);
			path = TypeImageCell;
			sourceTree = "<group>";
		};
		EB88937E2BCAE79F00189B7C /* ShoppingList */ = {
			isa = PBXGroup;
			children = (
				EB88937F2BCAE7CD00189B7C /* ShoppingListViewController.swift */,
				EB8893812BCAE7E700189B7C /* ListCell.swift */,
				EB2F0C642BCB74AB00FFBED5 /* AddItemViewController.swift */,
			);
			path = ShoppingList;
			sourceTree = "<group>";
		};
		EB9B2C4B2BC954C3004CB435 /* Base */ = {
			isa = PBXGroup;
			children = (
				EB9B2C4C2BC954D5004CB435 /* FoodTypeViewController */,
			);
			path = Base;
			sourceTree = "<group>";
		};
		EB9B2C4C2BC954D5004CB435 /* FoodTypeViewController */ = {
			isa = PBXGroup;
			children = (
				EBAC188F2BC98325002BB6E7 /* FoodTypeViewController.swift */,
				EB84D43B2BD2862A008E274C /* AddFoodTypeViewController.swift */,
				EB84D43D2BD29A6E008E274C /* TypeImageCell */,
				EBFF62C92BC79D110013F50F /* FoodTypeCell */,
			);
			path = FoodTypeViewController;
			sourceTree = "<group>";
		};
		EBAD131E2BCCF6ED00F40A71 /* ScanCells */ = {
			isa = PBXGroup;
			children = (
				EBAD131F2BCCF75000F40A71 /* RecongCell.swift */,
				EBAD13212BCCF78200F40A71 /* NotRecongCell.swift */,
			);
			path = ScanCells;
			sourceTree = "<group>";
		};
		EBCC794D2BCA2C950029B754 /* Recipe */ = {
			isa = PBXGroup;
			children = (
				EBCC79502BCA2CD50029B754 /* RecipeViewController.swift */,
				EBCC79572BCA71BF0029B754 /* RecipeDetailViewController.swift */,
				EBCC794E2BCA2CB90029B754 /* RecipeCell.swift */,
				EBCC79562BCA71960029B754 /* RecipeDetailCells */,
			);
			path = Recipe;
			sourceTree = "<group>";
		};
		EBCC79562BCA71960029B754 /* RecipeDetailCells */ = {
			isa = PBXGroup;
			children = (
				EBCC79592BCA73A10029B754 /* RecipeTitleCell.swift */,
				EBCC795B2BCA73B90029B754 /* RecipeDescriptionCell.swift */,
				EBCC795D2BCA73D30029B754 /* RecipeIngredientCell.swift */,
				EBCC795F2BCA73F00029B754 /* RecipeStepCell.swift */,
			);
			path = RecipeDetailCells;
			sourceTree = "<group>";
		};
		EBF88E242BC5703E00DEF2FA = {
			isa = PBXGroup;
			children = (
				EBF88E2F2BC5703E00DEF2FA /* ReFridge */,
				EBF88E2E2BC5703E00DEF2FA /* Products */,
				22D9E3801F9236079ED991B8 /* Pods */,
				8C0B61C3021579B8CC73B909 /* Frameworks */,
			);
			sourceTree = "<group>";
		};
		EBF88E2E2BC5703E00DEF2FA /* Products */ = {
			isa = PBXGroup;
			children = (
				EBF88E2D2BC5703E00DEF2FA /* ReFridge.app */,
			);
			name = Products;
			sourceTree = "<group>";
		};
		EBF88E2F2BC5703E00DEF2FA /* ReFridge */ = {
			isa = PBXGroup;
			children = (
				EBFF62CE2BC79F820013F50F /* Extension */,
				EBFF62C52BC797DA0013F50F /* Views */,
				EBFF62C02BC787DC0013F50F /* Managers */,
				EBFF62D12BC7C9C60013F50F /* Model */,
				EBF88E302BC5703E00DEF2FA /* AppDelegate.swift */,
				EBF88E322BC5703E00DEF2FA /* SceneDelegate.swift */,
				EBF88E392BC5704200DEF2FA /* Assets.xcassets */,
				EBF88E3B2BC5704200DEF2FA /* LaunchScreen.storyboard */,
				EBFF62C32BC78FD40013F50F /* GoogleService-Info.plist */,
				EBF88E3E2BC5704200DEF2FA /* Info.plist */,
			);
			path = ReFridge;
			sourceTree = "<group>";
		};
		EBFF62C02BC787DC0013F50F /* Managers */ = {
			isa = PBXGroup;
			children = (
				EBFF62C12BC789380013F50F /* FirestoreManager.swift */,
				EB2F0C662BCB7C3700FFBED5 /* FormatterManager.swift */,
				EBAD131C2BCCDEB000F40A71 /* TextScanManager.swift */,
			);
			path = Managers;
			sourceTree = "<group>";
		};
		EBFF62C52BC797DA0013F50F /* Views */ = {
			isa = PBXGroup;
			children = (
				EBF88E362BC5703E00DEF2FA /* Main.storyboard */,
				EB9B2C4B2BC954C3004CB435 /* Base */,
				EBFF62C82BC79CDA0013F50F /* MyFridge */,
				EBCC794D2BCA2C950029B754 /* Recipe */,
				EB88937E2BCAE79F00189B7C /* ShoppingList */,
				EB425BDC2BD0DE8C000C75A6 /* Chart */,
			);
			path = Views;
			sourceTree = "<group>";
		};
		EBFF62C82BC79CDA0013F50F /* MyFridge */ = {
			isa = PBXGroup;
			children = (
				EBF88E342BC5703E00DEF2FA /* MyFridgeViewController.swift */,
				EBFF62C62BC7982E0013F50F /* FoodCardViewController.swift */,
				EB493AF12BD35E41006204D8 /* AddFoodCardViewController.swift */,
				EBAD13232BCCF7A800F40A71 /* ScanResultViewController.swift */,
				EBFF62DA2BC819470013F50F /* FoodCardCell */,
				EB493AF32BD35E50006204D8 /* CardCells */,
				EBAD131E2BCCF6ED00F40A71 /* ScanCells */,
			);
			path = MyFridge;
			sourceTree = "<group>";
		};
		EBFF62C92BC79D110013F50F /* FoodTypeCell */ = {
			isa = PBXGroup;
			children = (
				EBFF62CA2BC79D650013F50F /* FoodTypeCell.swift */,
				EBFF62CB2BC79D650013F50F /* FoodTypeCell.xib */,
			);
			path = FoodTypeCell;
			sourceTree = "<group>";
		};
		EBFF62CE2BC79F820013F50F /* Extension */ = {
			isa = PBXGroup;
			children = (
				EBFF62CF2BC79F9E0013F50F /* UICollectionView+Ext.swift */,
				EBCAFFC52BD36D0600F3DBFD /* UITableView+Ext.swift */,
				EBFF62D62BC7E4750013F50F /* UIImage+Ext.swift */,
				EBFF62DF2BC8565E0013F50F /* Date+Ext.swift */,
				EB2F1D8C2BCE1C58000C9295 /* Double+Ext.swift */,
				EB425BDF2BD0F873000C75A6 /* UIColor+Ext.swift */,
			);
			path = Extension;
			sourceTree = "<group>";
		};
		EBFF62D12BC7C9C60013F50F /* Model */ = {
			isa = PBXGroup;
			children = (
				EBFF62D22BC7C9E10013F50F /* FoodCard.swift */,
				EBFF62D42BC7CF7F0013F50F /* FoodType.swift */,
				EBCC79522BCA345A0029B754 /* Recipe.swift */,
				EBCC79542BCA5D920029B754 /* IngredientStatus.swift */,
				EB88937C2BCADFE600189B7C /* ListItem.swift */,
				EBAD13252BCCFDCB00F40A71 /* ScanTextItem.swift */,
				EB425BDA2BCF7D74000C75A6 /* Filter.swift */,
				EB425BE52BD145DD000C75A6 /* ChartCounts.swift */,
				EB84D4392BD24661008E274C /* Scores.swift */,
			);
			path = Model;
			sourceTree = "<group>";
		};
		EBFF62DA2BC819470013F50F /* FoodCardCell */ = {
			isa = PBXGroup;
			children = (
				EBFF62DB2BC8197A0013F50F /* FoodCardCell.swift */,
				EBFF62DC2BC8197A0013F50F /* FoodCardCell.xib */,
			);
			path = FoodCardCell;
			sourceTree = "<group>";
		};
/* End PBXGroup section */

/* Begin PBXNativeTarget section */
		EBF88E2C2BC5703E00DEF2FA /* ReFridge */ = {
			isa = PBXNativeTarget;
			buildConfigurationList = EBF88E412BC5704200DEF2FA /* Build configuration list for PBXNativeTarget "ReFridge" */;
			buildPhases = (
				D3B346630223F0C1D098D33D /* [CP] Check Pods Manifest.lock */,
				EBF88E292BC5703E00DEF2FA /* Sources */,
				EBF88E2A2BC5703E00DEF2FA /* Frameworks */,
				EBF88E2B2BC5703E00DEF2FA /* Resources */,
				EB9F9F302BC6B1C800C5CF76 /* ShellScript */,
				5F68ED975023633E62A1ADE2 /* [CP] Embed Pods Frameworks */,
			);
			buildRules = (
			);
			dependencies = (
			);
			name = ReFridge;
			packageProductDependencies = (
				EBAC18922BCA22F0002BB6E7 /* FirebaseAuth */,
				EBAC18942BCA22F0002BB6E7 /* FirebaseFirestore */,
			);
			productName = ReFridge;
			productReference = EBF88E2D2BC5703E00DEF2FA /* ReFridge.app */;
			productType = "com.apple.product-type.application";
		};
/* End PBXNativeTarget section */

/* Begin PBXProject section */
		EBF88E252BC5703E00DEF2FA /* Project object */ = {
			isa = PBXProject;
			attributes = {
				BuildIndependentTargetsInParallel = 1;
				LastSwiftUpdateCheck = 1520;
				LastUpgradeCheck = 1520;
				TargetAttributes = {
					EBF88E2C2BC5703E00DEF2FA = {
						CreatedOnToolsVersion = 15.2;
					};
				};
			};
			buildConfigurationList = EBF88E282BC5703E00DEF2FA /* Build configuration list for PBXProject "ReFridge" */;
			compatibilityVersion = "Xcode 14.0";
			developmentRegion = en;
			hasScannedForEncodings = 0;
			knownRegions = (
				en,
				Base,
			);
			mainGroup = EBF88E242BC5703E00DEF2FA;
			packageReferences = (
				EBAC18912BCA21FA002BB6E7 /* XCRemoteSwiftPackageReference "firebase-ios-sdk" */,
			);
			productRefGroup = EBF88E2E2BC5703E00DEF2FA /* Products */;
			projectDirPath = "";
			projectRoot = "";
			targets = (
				EBF88E2C2BC5703E00DEF2FA /* ReFridge */,
			);
		};
/* End PBXProject section */

/* Begin PBXResourcesBuildPhase section */
		EBF88E2B2BC5703E00DEF2FA /* Resources */ = {
			isa = PBXResourcesBuildPhase;
			buildActionMask = 2147483647;
			files = (
				EBF88E3D2BC5704200DEF2FA /* LaunchScreen.storyboard in Resources */,
				EBFF62C42BC78FD50013F50F /* GoogleService-Info.plist in Resources */,
				EBF88E3A2BC5704200DEF2FA /* Assets.xcassets in Resources */,
				EB84D4412BD29AA7008E274C /* TypeImageCell.xib in Resources */,
				EBFF62DE2BC8197A0013F50F /* FoodCardCell.xib in Resources */,
				EB493AF72BD35EA2006204D8 /* CardTypeCell.xib in Resources */,
				EB493AFB2BD363A1006204D8 /* CardInfoCell.xib in Resources */,
				EBF88E382BC5703E00DEF2FA /* Main.storyboard in Resources */,
				EBFF62CD2BC79D650013F50F /* FoodTypeCell.xib in Resources */,
			);
			runOnlyForDeploymentPostprocessing = 0;
		};
/* End PBXResourcesBuildPhase section */

/* Begin PBXShellScriptBuildPhase section */
		5F68ED975023633E62A1ADE2 /* [CP] Embed Pods Frameworks */ = {
			isa = PBXShellScriptBuildPhase;
			buildActionMask = 2147483647;
			files = (
			);
			inputFileListPaths = (
				"${PODS_ROOT}/Target Support Files/Pods-ReFridge/Pods-ReFridge-frameworks-${CONFIGURATION}-input-files.xcfilelist",
			);
			name = "[CP] Embed Pods Frameworks";
			outputFileListPaths = (
				"${PODS_ROOT}/Target Support Files/Pods-ReFridge/Pods-ReFridge-frameworks-${CONFIGURATION}-output-files.xcfilelist",
			);
			runOnlyForDeploymentPostprocessing = 0;
			shellPath = /bin/sh;
			shellScript = "\"${PODS_ROOT}/Target Support Files/Pods-ReFridge/Pods-ReFridge-frameworks.sh\"\n";
			showEnvVarsInLog = 0;
		};
		D3B346630223F0C1D098D33D /* [CP] Check Pods Manifest.lock */ = {
			isa = PBXShellScriptBuildPhase;
			buildActionMask = 2147483647;
			files = (
			);
			inputFileListPaths = (
			);
			inputPaths = (
				"${PODS_PODFILE_DIR_PATH}/Podfile.lock",
				"${PODS_ROOT}/Manifest.lock",
			);
			name = "[CP] Check Pods Manifest.lock";
			outputFileListPaths = (
			);
			outputPaths = (
				"$(DERIVED_FILE_DIR)/Pods-ReFridge-checkManifestLockResult.txt",
			);
			runOnlyForDeploymentPostprocessing = 0;
			shellPath = /bin/sh;
			shellScript = "diff \"${PODS_PODFILE_DIR_PATH}/Podfile.lock\" \"${PODS_ROOT}/Manifest.lock\" > /dev/null\nif [ $? != 0 ] ; then\n    # print error to STDERR\n    echo \"error: The sandbox is not in sync with the Podfile.lock. Run 'pod install' or update your CocoaPods installation.\" >&2\n    exit 1\nfi\n# This output is used by Xcode 'outputs' to avoid re-running this script phase.\necho \"SUCCESS\" > \"${SCRIPT_OUTPUT_FILE_0}\"\n";
			showEnvVarsInLog = 0;
		};
		EB9F9F302BC6B1C800C5CF76 /* ShellScript */ = {
			isa = PBXShellScriptBuildPhase;
			buildActionMask = 12;
			files = (
			);
			inputFileListPaths = (
			);
			inputPaths = (
			);
			outputFileListPaths = (
			);
			outputPaths = (
			);
			runOnlyForDeploymentPostprocessing = 0;
			shellPath = /bin/sh;
			shellScript = "# Type a script or drag a script file from your workspace to insert its path.\n\n\"${PODS_ROOT}/SwiftLint/swiftlint\"\n";
		};
/* End PBXShellScriptBuildPhase section */

/* Begin PBXSourcesBuildPhase section */
		EBF88E292BC5703E00DEF2FA /* Sources */ = {
			isa = PBXSourcesBuildPhase;
			buildActionMask = 2147483647;
			files = (
				EBF88E352BC5703E00DEF2FA /* MyFridgeViewController.swift in Sources */,
				EB425BE42BD1354D000C75A6 /* BarChartView.swift in Sources */,
				EB88937D2BCADFE600189B7C /* ListItem.swift in Sources */,
				EBAD13242BCCF7A800F40A71 /* ScanResultViewController.swift in Sources */,
				EB493AF22BD35E41006204D8 /* AddFoodCardViewController.swift in Sources */,
				EBF88E312BC5703E00DEF2FA /* AppDelegate.swift in Sources */,
				EBFF62E02BC8565E0013F50F /* Date+Ext.swift in Sources */,
				EBCC794F2BCA2CB90029B754 /* RecipeCell.swift in Sources */,
				EB2F0C652BCB74AB00FFBED5 /* AddItemViewController.swift in Sources */,
				EB2F0C672BCB7C3700FFBED5 /* FormatterManager.swift in Sources */,
				EBF88E332BC5703E00DEF2FA /* SceneDelegate.swift in Sources */,
				EB425BDB2BCF7D74000C75A6 /* Filter.swift in Sources */,
				EBAD13202BCCF75000F40A71 /* RecongCell.swift in Sources */,
				EBFF62D32BC7C9E10013F50F /* FoodCard.swift in Sources */,
				EB84D43C2BD2862A008E274C /* AddFoodTypeViewController.swift in Sources */,
				EBCC795E2BCA73D30029B754 /* RecipeIngredientCell.swift in Sources */,
				EBFF62C72BC7982E0013F50F /* FoodCardViewController.swift in Sources */,
				EBFF62D72BC7E4750013F50F /* UIImage+Ext.swift in Sources */,
				EBFF62D02BC79F9E0013F50F /* UICollectionView+Ext.swift in Sources */,
				EBAD13262BCCFDCB00F40A71 /* ScanTextItem.swift in Sources */,
				EBFF62DD2BC8197A0013F50F /* FoodCardCell.swift in Sources */,
				EBCC79582BCA71BF0029B754 /* RecipeDetailViewController.swift in Sources */,
				EBAD13222BCCF78200F40A71 /* NotRecongCell.swift in Sources */,
				EBCAFFC62BD36D0600F3DBFD /* UITableView+Ext.swift in Sources */,
				EBFF62C22BC789380013F50F /* FirestoreManager.swift in Sources */,
				EB84D43A2BD24661008E274C /* Scores.swift in Sources */,
				EBFF62D52BC7CF7F0013F50F /* FoodType.swift in Sources */,
				EB425BE62BD145DD000C75A6 /* ChartCounts.swift in Sources */,
				EBCC79552BCA5D920029B754 /* IngredientStatus.swift in Sources */,
				EBAC18902BC98325002BB6E7 /* FoodTypeViewController.swift in Sources */,
				EB425BE22BD12FDA000C75A6 /* PieChartView.swift in Sources */,
				EBFF62CC2BC79D650013F50F /* FoodTypeCell.swift in Sources */,
				EB8893822BCAE7E700189B7C /* ListCell.swift in Sources */,
				EB84D4402BD29AA7008E274C /* TypeImageCell.swift in Sources */,
				EBCC79512BCA2CD50029B754 /* RecipeViewController.swift in Sources */,
				EB2F1D8D2BCE1C58000C9295 /* Double+Ext.swift in Sources */,
				EBCC79532BCA345A0029B754 /* Recipe.swift in Sources */,
				EB8893802BCAE7CD00189B7C /* ShoppingListViewController.swift in Sources */,
				EB493AF62BD35EA2006204D8 /* CardTypeCell.swift in Sources */,
				EBCC795C2BCA73B90029B754 /* RecipeDescriptionCell.swift in Sources */,
				EBAD131D2BCCDEB000F40A71 /* TextScanManager.swift in Sources */,
				EBCC795A2BCA73A10029B754 /* RecipeTitleCell.swift in Sources */,
				EB425BE02BD0F873000C75A6 /* UIColor+Ext.swift in Sources */,
				EBCC79602BCA73F00029B754 /* RecipeStepCell.swift in Sources */,
				EB493AFA2BD363A1006204D8 /* CardInfoCell.swift in Sources */,
				EB425BDE2BD0DEF8000C75A6 /* ChartViewController.swift in Sources */,
			);
			runOnlyForDeploymentPostprocessing = 0;
		};
/* End PBXSourcesBuildPhase section */

/* Begin PBXVariantGroup section */
		EBF88E362BC5703E00DEF2FA /* Main.storyboard */ = {
			isa = PBXVariantGroup;
			children = (
				EBF88E372BC5703E00DEF2FA /* Base */,
			);
			name = Main.storyboard;
			sourceTree = "<group>";
		};
		EBF88E3B2BC5704200DEF2FA /* LaunchScreen.storyboard */ = {
			isa = PBXVariantGroup;
			children = (
				EBF88E3C2BC5704200DEF2FA /* Base */,
			);
			name = LaunchScreen.storyboard;
			sourceTree = "<group>";
		};
/* End PBXVariantGroup section */

/* Begin XCBuildConfiguration section */
		EBF88E3F2BC5704200DEF2FA /* Debug */ = {
			isa = XCBuildConfiguration;
			buildSettings = {
				ALWAYS_SEARCH_USER_PATHS = NO;
				ASSETCATALOG_COMPILER_GENERATE_SWIFT_ASSET_SYMBOL_EXTENSIONS = YES;
				CLANG_ANALYZER_NONNULL = YES;
				CLANG_ANALYZER_NUMBER_OBJECT_CONVERSION = YES_AGGRESSIVE;
				CLANG_CXX_LANGUAGE_STANDARD = "gnu++20";
				CLANG_ENABLE_MODULES = YES;
				CLANG_ENABLE_OBJC_ARC = YES;
				CLANG_ENABLE_OBJC_WEAK = YES;
				CLANG_WARN_BLOCK_CAPTURE_AUTORELEASING = YES;
				CLANG_WARN_BOOL_CONVERSION = YES;
				CLANG_WARN_COMMA = YES;
				CLANG_WARN_CONSTANT_CONVERSION = YES;
				CLANG_WARN_DEPRECATED_OBJC_IMPLEMENTATIONS = YES;
				CLANG_WARN_DIRECT_OBJC_ISA_USAGE = YES_ERROR;
				CLANG_WARN_DOCUMENTATION_COMMENTS = YES;
				CLANG_WARN_EMPTY_BODY = YES;
				CLANG_WARN_ENUM_CONVERSION = YES;
				CLANG_WARN_INFINITE_RECURSION = YES;
				CLANG_WARN_INT_CONVERSION = YES;
				CLANG_WARN_NON_LITERAL_NULL_CONVERSION = YES;
				CLANG_WARN_OBJC_IMPLICIT_RETAIN_SELF = YES;
				CLANG_WARN_OBJC_LITERAL_CONVERSION = YES;
				CLANG_WARN_OBJC_ROOT_CLASS = YES_ERROR;
				CLANG_WARN_QUOTED_INCLUDE_IN_FRAMEWORK_HEADER = YES;
				CLANG_WARN_RANGE_LOOP_ANALYSIS = YES;
				CLANG_WARN_STRICT_PROTOTYPES = YES;
				CLANG_WARN_SUSPICIOUS_MOVE = YES;
				CLANG_WARN_UNGUARDED_AVAILABILITY = YES_AGGRESSIVE;
				CLANG_WARN_UNREACHABLE_CODE = YES;
				CLANG_WARN__DUPLICATE_METHOD_MATCH = YES;
				COPY_PHASE_STRIP = NO;
				DEBUG_INFORMATION_FORMAT = dwarf;
				ENABLE_STRICT_OBJC_MSGSEND = YES;
				ENABLE_TESTABILITY = YES;
				ENABLE_USER_SCRIPT_SANDBOXING = NO;
				GCC_C_LANGUAGE_STANDARD = gnu17;
				GCC_DYNAMIC_NO_PIC = NO;
				GCC_NO_COMMON_BLOCKS = YES;
				GCC_OPTIMIZATION_LEVEL = 0;
				GCC_PREPROCESSOR_DEFINITIONS = (
					"DEBUG=1",
					"$(inherited)",
				);
				GCC_WARN_64_TO_32_BIT_CONVERSION = YES;
				GCC_WARN_ABOUT_RETURN_TYPE = YES_ERROR;
				GCC_WARN_UNDECLARED_SELECTOR = YES;
				GCC_WARN_UNINITIALIZED_AUTOS = YES_AGGRESSIVE;
				GCC_WARN_UNUSED_FUNCTION = YES;
				GCC_WARN_UNUSED_VARIABLE = YES;
				IPHONEOS_DEPLOYMENT_TARGET = 16.0;
				LOCALIZATION_PREFERS_STRING_CATALOGS = YES;
				MTL_ENABLE_DEBUG_INFO = INCLUDE_SOURCE;
				MTL_FAST_MATH = YES;
				ONLY_ACTIVE_ARCH = YES;
				SDKROOT = iphoneos;
				SWIFT_ACTIVE_COMPILATION_CONDITIONS = "DEBUG $(inherited)";
				SWIFT_OPTIMIZATION_LEVEL = "-Onone";
			};
			name = Debug;
		};
		EBF88E402BC5704200DEF2FA /* Release */ = {
			isa = XCBuildConfiguration;
			buildSettings = {
				ALWAYS_SEARCH_USER_PATHS = NO;
				ASSETCATALOG_COMPILER_GENERATE_SWIFT_ASSET_SYMBOL_EXTENSIONS = YES;
				CLANG_ANALYZER_NONNULL = YES;
				CLANG_ANALYZER_NUMBER_OBJECT_CONVERSION = YES_AGGRESSIVE;
				CLANG_CXX_LANGUAGE_STANDARD = "gnu++20";
				CLANG_ENABLE_MODULES = YES;
				CLANG_ENABLE_OBJC_ARC = YES;
				CLANG_ENABLE_OBJC_WEAK = YES;
				CLANG_WARN_BLOCK_CAPTURE_AUTORELEASING = YES;
				CLANG_WARN_BOOL_CONVERSION = YES;
				CLANG_WARN_COMMA = YES;
				CLANG_WARN_CONSTANT_CONVERSION = YES;
				CLANG_WARN_DEPRECATED_OBJC_IMPLEMENTATIONS = YES;
				CLANG_WARN_DIRECT_OBJC_ISA_USAGE = YES_ERROR;
				CLANG_WARN_DOCUMENTATION_COMMENTS = YES;
				CLANG_WARN_EMPTY_BODY = YES;
				CLANG_WARN_ENUM_CONVERSION = YES;
				CLANG_WARN_INFINITE_RECURSION = YES;
				CLANG_WARN_INT_CONVERSION = YES;
				CLANG_WARN_NON_LITERAL_NULL_CONVERSION = YES;
				CLANG_WARN_OBJC_IMPLICIT_RETAIN_SELF = YES;
				CLANG_WARN_OBJC_LITERAL_CONVERSION = YES;
				CLANG_WARN_OBJC_ROOT_CLASS = YES_ERROR;
				CLANG_WARN_QUOTED_INCLUDE_IN_FRAMEWORK_HEADER = YES;
				CLANG_WARN_RANGE_LOOP_ANALYSIS = YES;
				CLANG_WARN_STRICT_PROTOTYPES = YES;
				CLANG_WARN_SUSPICIOUS_MOVE = YES;
				CLANG_WARN_UNGUARDED_AVAILABILITY = YES_AGGRESSIVE;
				CLANG_WARN_UNREACHABLE_CODE = YES;
				CLANG_WARN__DUPLICATE_METHOD_MATCH = YES;
				COPY_PHASE_STRIP = NO;
				DEBUG_INFORMATION_FORMAT = "dwarf-with-dsym";
				ENABLE_NS_ASSERTIONS = NO;
				ENABLE_STRICT_OBJC_MSGSEND = YES;
				ENABLE_USER_SCRIPT_SANDBOXING = NO;
				GCC_C_LANGUAGE_STANDARD = gnu17;
				GCC_NO_COMMON_BLOCKS = YES;
				GCC_WARN_64_TO_32_BIT_CONVERSION = YES;
				GCC_WARN_ABOUT_RETURN_TYPE = YES_ERROR;
				GCC_WARN_UNDECLARED_SELECTOR = YES;
				GCC_WARN_UNINITIALIZED_AUTOS = YES_AGGRESSIVE;
				GCC_WARN_UNUSED_FUNCTION = YES;
				GCC_WARN_UNUSED_VARIABLE = YES;
				IPHONEOS_DEPLOYMENT_TARGET = 16.0;
				LOCALIZATION_PREFERS_STRING_CATALOGS = YES;
				MTL_ENABLE_DEBUG_INFO = NO;
				MTL_FAST_MATH = YES;
				SDKROOT = iphoneos;
				SWIFT_COMPILATION_MODE = wholemodule;
				VALIDATE_PRODUCT = YES;
			};
			name = Release;
		};
		EBF88E422BC5704200DEF2FA /* Debug */ = {
			isa = XCBuildConfiguration;
			baseConfigurationReference = 2A2A3BE874E2D79E74386116 /* Pods-ReFridge.debug.xcconfig */;
			buildSettings = {
				ASSETCATALOG_COMPILER_APPICON_NAME = AppIcon;
				ASSETCATALOG_COMPILER_GLOBAL_ACCENT_COLOR_NAME = AccentColor;
				CODE_SIGN_STYLE = Automatic;
				CURRENT_PROJECT_VERSION = 1;
				DEVELOPMENT_TEAM = 69265F56VU;
				GENERATE_INFOPLIST_FILE = YES;
				INFOPLIST_FILE = ReFridge/Info.plist;
				INFOPLIST_KEY_NSCameraUsageDescription = "請開啟相機即可掃描BarCode";
				INFOPLIST_KEY_UIApplicationSupportsIndirectInputEvents = YES;
				INFOPLIST_KEY_UILaunchStoryboardName = LaunchScreen;
				INFOPLIST_KEY_UIMainStoryboardFile = Main;
				INFOPLIST_KEY_UISupportedInterfaceOrientations_iPad = "UIInterfaceOrientationPortrait UIInterfaceOrientationPortraitUpsideDown UIInterfaceOrientationLandscapeLeft UIInterfaceOrientationLandscapeRight";
				INFOPLIST_KEY_UISupportedInterfaceOrientations_iPhone = "UIInterfaceOrientationPortrait UIInterfaceOrientationLandscapeLeft UIInterfaceOrientationLandscapeRight";
				LD_RUNPATH_SEARCH_PATHS = (
					"$(inherited)",
					"@executable_path/Frameworks",
				);
				MARKETING_VERSION = 1.0;
				PRODUCT_BUNDLE_IDENTIFIER = come.yunChiehLee.ReFridge;
				PRODUCT_NAME = "$(TARGET_NAME)";
				SWIFT_EMIT_LOC_STRINGS = YES;
				SWIFT_VERSION = 5.0;
				TARGETED_DEVICE_FAMILY = "1,2";
			};
			name = Debug;
		};
		EBF88E432BC5704200DEF2FA /* Release */ = {
			isa = XCBuildConfiguration;
			baseConfigurationReference = CB7EF03CBFBE351CEBCF8C77 /* Pods-ReFridge.release.xcconfig */;
			buildSettings = {
				ASSETCATALOG_COMPILER_APPICON_NAME = AppIcon;
				ASSETCATALOG_COMPILER_GLOBAL_ACCENT_COLOR_NAME = AccentColor;
				CODE_SIGN_STYLE = Automatic;
				CURRENT_PROJECT_VERSION = 1;
				DEVELOPMENT_TEAM = 69265F56VU;
				GENERATE_INFOPLIST_FILE = YES;
				INFOPLIST_FILE = ReFridge/Info.plist;
				INFOPLIST_KEY_NSCameraUsageDescription = "請開啟相機即可掃描BarCode";
				INFOPLIST_KEY_UIApplicationSupportsIndirectInputEvents = YES;
				INFOPLIST_KEY_UILaunchStoryboardName = LaunchScreen;
				INFOPLIST_KEY_UIMainStoryboardFile = Main;
				INFOPLIST_KEY_UISupportedInterfaceOrientations_iPad = "UIInterfaceOrientationPortrait UIInterfaceOrientationPortraitUpsideDown UIInterfaceOrientationLandscapeLeft UIInterfaceOrientationLandscapeRight";
				INFOPLIST_KEY_UISupportedInterfaceOrientations_iPhone = "UIInterfaceOrientationPortrait UIInterfaceOrientationLandscapeLeft UIInterfaceOrientationLandscapeRight";
				LD_RUNPATH_SEARCH_PATHS = (
					"$(inherited)",
					"@executable_path/Frameworks",
				);
				MARKETING_VERSION = 1.0;
				PRODUCT_BUNDLE_IDENTIFIER = come.yunChiehLee.ReFridge;
				PRODUCT_NAME = "$(TARGET_NAME)";
				SWIFT_EMIT_LOC_STRINGS = YES;
				SWIFT_VERSION = 5.0;
				TARGETED_DEVICE_FAMILY = "1,2";
			};
			name = Release;
		};
/* End XCBuildConfiguration section */

/* Begin XCConfigurationList section */
		EBF88E282BC5703E00DEF2FA /* Build configuration list for PBXProject "ReFridge" */ = {
			isa = XCConfigurationList;
			buildConfigurations = (
				EBF88E3F2BC5704200DEF2FA /* Debug */,
				EBF88E402BC5704200DEF2FA /* Release */,
			);
			defaultConfigurationIsVisible = 0;
			defaultConfigurationName = Release;
		};
		EBF88E412BC5704200DEF2FA /* Build configuration list for PBXNativeTarget "ReFridge" */ = {
			isa = XCConfigurationList;
			buildConfigurations = (
				EBF88E422BC5704200DEF2FA /* Debug */,
				EBF88E432BC5704200DEF2FA /* Release */,
			);
			defaultConfigurationIsVisible = 0;
			defaultConfigurationName = Release;
		};
/* End XCConfigurationList section */

/* Begin XCRemoteSwiftPackageReference section */
		EBAC18912BCA21FA002BB6E7 /* XCRemoteSwiftPackageReference "firebase-ios-sdk" */ = {
			isa = XCRemoteSwiftPackageReference;
			repositoryURL = "https://github.com/firebase/firebase-ios-sdk";
			requirement = {
				kind = upToNextMajorVersion;
				minimumVersion = 10.24.0;
			};
		};
/* End XCRemoteSwiftPackageReference section */

/* Begin XCSwiftPackageProductDependency section */
		EBAC18922BCA22F0002BB6E7 /* FirebaseAuth */ = {
			isa = XCSwiftPackageProductDependency;
			package = EBAC18912BCA21FA002BB6E7 /* XCRemoteSwiftPackageReference "firebase-ios-sdk" */;
			productName = FirebaseAuth;
		};
		EBAC18942BCA22F0002BB6E7 /* FirebaseFirestore */ = {
			isa = XCSwiftPackageProductDependency;
			package = EBAC18912BCA21FA002BB6E7 /* XCRemoteSwiftPackageReference "firebase-ios-sdk" */;
			productName = FirebaseFirestore;
		};
/* End XCSwiftPackageProductDependency section */
	};
	rootObject = EBF88E252BC5703E00DEF2FA /* Project object */;
}
