// !$*UTF8*$!
{
	archiveVersion = 1;
	classes = {
	};
	objectVersion = 56;
	objects = {

/* Begin PBXBuildFile section */
		09D5F1CE52AAFB32B8B79417 /* Pods_ReFridge.framework in Frameworks */ = {isa = PBXBuildFile; fileRef = 7BF189C45662E7553E5D97B2 /* Pods_ReFridge.framework */; };
		EBF88E312BC5703E00DEF2FA /* AppDelegate.swift in Sources */ = {isa = PBXBuildFile; fileRef = EBF88E302BC5703E00DEF2FA /* AppDelegate.swift */; };
		EBF88E332BC5703E00DEF2FA /* SceneDelegate.swift in Sources */ = {isa = PBXBuildFile; fileRef = EBF88E322BC5703E00DEF2FA /* SceneDelegate.swift */; };
		EBF88E352BC5703E00DEF2FA /* MyFridgeViewController.swift in Sources */ = {isa = PBXBuildFile; fileRef = EBF88E342BC5703E00DEF2FA /* MyFridgeViewController.swift */; };
		EBF88E382BC5703E00DEF2FA /* Main.storyboard in Resources */ = {isa = PBXBuildFile; fileRef = EBF88E362BC5703E00DEF2FA /* Main.storyboard */; };
		EBF88E3A2BC5704200DEF2FA /* Assets.xcassets in Resources */ = {isa = PBXBuildFile; fileRef = EBF88E392BC5704200DEF2FA /* Assets.xcassets */; };
		EBF88E3D2BC5704200DEF2FA /* LaunchScreen.storyboard in Resources */ = {isa = PBXBuildFile; fileRef = EBF88E3B2BC5704200DEF2FA /* LaunchScreen.storyboard */; };
		EBFF62C22BC789380013F50F /* FirestoreManager.swift in Sources */ = {isa = PBXBuildFile; fileRef = EBFF62C12BC789380013F50F /* FirestoreManager.swift */; };
		EBFF62C42BC78FD50013F50F /* GoogleService-Info.plist in Resources */ = {isa = PBXBuildFile; fileRef = EBFF62C32BC78FD40013F50F /* GoogleService-Info.plist */; };
		EBFF62C72BC7982E0013F50F /* FoodCardViewController.swift in Sources */ = {isa = PBXBuildFile; fileRef = EBFF62C62BC7982E0013F50F /* FoodCardViewController.swift */; };
		EBFF62CC2BC79D650013F50F /* FoodTypeCell.swift in Sources */ = {isa = PBXBuildFile; fileRef = EBFF62CA2BC79D650013F50F /* FoodTypeCell.swift */; };
		EBFF62CD2BC79D650013F50F /* FoodTypeCell.xib in Resources */ = {isa = PBXBuildFile; fileRef = EBFF62CB2BC79D650013F50F /* FoodTypeCell.xib */; };
		EBFF62D02BC79F9E0013F50F /* UICollectionView+Ext.swift in Sources */ = {isa = PBXBuildFile; fileRef = EBFF62CF2BC79F9E0013F50F /* UICollectionView+Ext.swift */; };
/* End PBXBuildFile section */

/* Begin PBXFileReference section */
		2A2A3BE874E2D79E74386116 /* Pods-ReFridge.debug.xcconfig */ = {isa = PBXFileReference; includeInIndex = 1; lastKnownFileType = text.xcconfig; name = "Pods-ReFridge.debug.xcconfig"; path = "Target Support Files/Pods-ReFridge/Pods-ReFridge.debug.xcconfig"; sourceTree = "<group>"; };
		7BF189C45662E7553E5D97B2 /* Pods_ReFridge.framework */ = {isa = PBXFileReference; explicitFileType = wrapper.framework; includeInIndex = 0; path = Pods_ReFridge.framework; sourceTree = BUILT_PRODUCTS_DIR; };
		CB7EF03CBFBE351CEBCF8C77 /* Pods-ReFridge.release.xcconfig */ = {isa = PBXFileReference; includeInIndex = 1; lastKnownFileType = text.xcconfig; name = "Pods-ReFridge.release.xcconfig"; path = "Target Support Files/Pods-ReFridge/Pods-ReFridge.release.xcconfig"; sourceTree = "<group>"; };
		EBF88E2D2BC5703E00DEF2FA /* ReFridge.app */ = {isa = PBXFileReference; explicitFileType = wrapper.application; includeInIndex = 0; path = ReFridge.app; sourceTree = BUILT_PRODUCTS_DIR; };
		EBF88E302BC5703E00DEF2FA /* AppDelegate.swift */ = {isa = PBXFileReference; lastKnownFileType = sourcecode.swift; path = AppDelegate.swift; sourceTree = "<group>"; };
		EBF88E322BC5703E00DEF2FA /* SceneDelegate.swift */ = {isa = PBXFileReference; lastKnownFileType = sourcecode.swift; path = SceneDelegate.swift; sourceTree = "<group>"; };
		EBF88E342BC5703E00DEF2FA /* MyFridgeViewController.swift */ = {isa = PBXFileReference; lastKnownFileType = sourcecode.swift; path = MyFridgeViewController.swift; sourceTree = "<group>"; };
		EBF88E372BC5703E00DEF2FA /* Base */ = {isa = PBXFileReference; lastKnownFileType = file.storyboard; name = Base; path = Base.lproj/Main.storyboard; sourceTree = "<group>"; };
		EBF88E392BC5704200DEF2FA /* Assets.xcassets */ = {isa = PBXFileReference; lastKnownFileType = folder.assetcatalog; path = Assets.xcassets; sourceTree = "<group>"; };
		EBF88E3C2BC5704200DEF2FA /* Base */ = {isa = PBXFileReference; lastKnownFileType = file.storyboard; name = Base; path = Base.lproj/LaunchScreen.storyboard; sourceTree = "<group>"; };
		EBF88E3E2BC5704200DEF2FA /* Info.plist */ = {isa = PBXFileReference; lastKnownFileType = text.plist.xml; path = Info.plist; sourceTree = "<group>"; };
		EBFF62C12BC789380013F50F /* FirestoreManager.swift */ = {isa = PBXFileReference; lastKnownFileType = sourcecode.swift; path = FirestoreManager.swift; sourceTree = "<group>"; };
		EBFF62C32BC78FD40013F50F /* GoogleService-Info.plist */ = {isa = PBXFileReference; lastKnownFileType = text.plist; path = "GoogleService-Info.plist"; sourceTree = SOURCE_ROOT; };
		EBFF62C62BC7982E0013F50F /* FoodCardViewController.swift */ = {isa = PBXFileReference; lastKnownFileType = sourcecode.swift; path = FoodCardViewController.swift; sourceTree = "<group>"; };
		EBFF62CA2BC79D650013F50F /* FoodTypeCell.swift */ = {isa = PBXFileReference; lastKnownFileType = sourcecode.swift; path = FoodTypeCell.swift; sourceTree = "<group>"; };
		EBFF62CB2BC79D650013F50F /* FoodTypeCell.xib */ = {isa = PBXFileReference; lastKnownFileType = file.xib; path = FoodTypeCell.xib; sourceTree = "<group>"; };
		EBFF62CF2BC79F9E0013F50F /* UICollectionView+Ext.swift */ = {isa = PBXFileReference; lastKnownFileType = sourcecode.swift; path = "UICollectionView+Ext.swift"; sourceTree = "<group>"; };
/* End PBXFileReference section */

/* Begin PBXFrameworksBuildPhase section */
		EBF88E2A2BC5703E00DEF2FA /* Frameworks */ = {
			isa = PBXFrameworksBuildPhase;
			buildActionMask = 2147483647;
			files = (
				09D5F1CE52AAFB32B8B79417 /* Pods_ReFridge.framework in Frameworks */,
			);
			runOnlyForDeploymentPostprocessing = 0;
		};
/* End PBXFrameworksBuildPhase section */

/* Begin PBXGroup section */
		22D9E3801F9236079ED991B8 /* Pods */ = {
			isa = PBXGroup;
			children = (
				2A2A3BE874E2D79E74386116 /* Pods-ReFridge.debug.xcconfig */,
				CB7EF03CBFBE351CEBCF8C77 /* Pods-ReFridge.release.xcconfig */,
			);
			path = Pods;
			sourceTree = "<group>";
		};
		8C0B61C3021579B8CC73B909 /* Frameworks */ = {
			isa = PBXGroup;
			children = (
				7BF189C45662E7553E5D97B2 /* Pods_ReFridge.framework */,
			);
			name = Frameworks;
			sourceTree = "<group>";
		};
		EBF88E242BC5703E00DEF2FA = {
			isa = PBXGroup;
			children = (
				EBF88E2F2BC5703E00DEF2FA /* ReFridge */,
				EBF88E2E2BC5703E00DEF2FA /* Products */,
				22D9E3801F9236079ED991B8 /* Pods */,
				8C0B61C3021579B8CC73B909 /* Frameworks */,
			);
			sourceTree = "<group>";
		};
		EBF88E2E2BC5703E00DEF2FA /* Products */ = {
			isa = PBXGroup;
			children = (
				EBF88E2D2BC5703E00DEF2FA /* ReFridge.app */,
			);
			name = Products;
			sourceTree = "<group>";
		};
		EBF88E2F2BC5703E00DEF2FA /* ReFridge */ = {
			isa = PBXGroup;
			children = (
				EBFF62CE2BC79F820013F50F /* Extension */,
				EBFF62C52BC797DA0013F50F /* Views */,
				EBFF62C02BC787DC0013F50F /* Managers */,
				EBF88E302BC5703E00DEF2FA /* AppDelegate.swift */,
				EBF88E322BC5703E00DEF2FA /* SceneDelegate.swift */,
				EBF88E392BC5704200DEF2FA /* Assets.xcassets */,
				EBF88E3B2BC5704200DEF2FA /* LaunchScreen.storyboard */,
				EBFF62C32BC78FD40013F50F /* GoogleService-Info.plist */,
				EBF88E3E2BC5704200DEF2FA /* Info.plist */,
			);
			path = ReFridge;
			sourceTree = "<group>";
		};
		EBFF62C02BC787DC0013F50F /* Managers */ = {
			isa = PBXGroup;
			children = (
				EBFF62C12BC789380013F50F /* FirestoreManager.swift */,
			);
			path = Managers;
			sourceTree = "<group>";
		};
		EBFF62C52BC797DA0013F50F /* Views */ = {
			isa = PBXGroup;
			children = (
				EBF88E362BC5703E00DEF2FA /* Main.storyboard */,
				EBFF62C82BC79CDA0013F50F /* MyFridge */,
			);
			path = Views;
			sourceTree = "<group>";
		};
		EBFF62C82BC79CDA0013F50F /* MyFridge */ = {
			isa = PBXGroup;
			children = (
				EBF88E342BC5703E00DEF2FA /* MyFridgeViewController.swift */,
				EBFF62C62BC7982E0013F50F /* FoodCardViewController.swift */,
				EBFF62C92BC79D110013F50F /* FoodTypeCell */,
			);
			path = MyFridge;
			sourceTree = "<group>";
		};
		EBFF62C92BC79D110013F50F /* FoodTypeCell */ = {
			isa = PBXGroup;
			children = (
				EBFF62CA2BC79D650013F50F /* FoodTypeCell.swift */,
				EBFF62CB2BC79D650013F50F /* FoodTypeCell.xib */,
			);
			path = FoodTypeCell;
			sourceTree = "<group>";
		};
		EBFF62CE2BC79F820013F50F /* Extension */ = {
			isa = PBXGroup;
			children = (
				EBFF62CF2BC79F9E0013F50F /* UICollectionView+Ext.swift */,
			);
			path = Extension;
			sourceTree = "<group>";
		};
/* End PBXGroup section */

/* Begin PBXNativeTarget section */
		EBF88E2C2BC5703E00DEF2FA /* ReFridge */ = {
			isa = PBXNativeTarget;
			buildConfigurationList = EBF88E412BC5704200DEF2FA /* Build configuration list for PBXNativeTarget "ReFridge" */;
			buildPhases = (
				D3B346630223F0C1D098D33D /* [CP] Check Pods Manifest.lock */,
				EBF88E292BC5703E00DEF2FA /* Sources */,
				EBF88E2A2BC5703E00DEF2FA /* Frameworks */,
				EBF88E2B2BC5703E00DEF2FA /* Resources */,
				EB9F9F302BC6B1C800C5CF76 /* ShellScript */,
				5F68ED975023633E62A1ADE2 /* [CP] Embed Pods Frameworks */,
			);
			buildRules = (
			);
			dependencies = (
			);
			name = ReFridge;
			productName = ReFridge;
			productReference = EBF88E2D2BC5703E00DEF2FA /* ReFridge.app */;
			productType = "com.apple.product-type.application";
		};
/* End PBXNativeTarget section */

/* Begin PBXProject section */
		EBF88E252BC5703E00DEF2FA /* Project object */ = {
			isa = PBXProject;
			attributes = {
				BuildIndependentTargetsInParallel = 1;
				LastSwiftUpdateCheck = 1520;
				LastUpgradeCheck = 1520;
				TargetAttributes = {
					EBF88E2C2BC5703E00DEF2FA = {
						CreatedOnToolsVersion = 15.2;
					};
				};
			};
			buildConfigurationList = EBF88E282BC5703E00DEF2FA /* Build configuration list for PBXProject "ReFridge" */;
			compatibilityVersion = "Xcode 14.0";
			developmentRegion = en;
			hasScannedForEncodings = 0;
			knownRegions = (
				en,
				Base,
			);
			mainGroup = EBF88E242BC5703E00DEF2FA;
			productRefGroup = EBF88E2E2BC5703E00DEF2FA /* Products */;
			projectDirPath = "";
			projectRoot = "";
			targets = (
				EBF88E2C2BC5703E00DEF2FA /* ReFridge */,
			);
		};
/* End PBXProject section */

/* Begin PBXResourcesBuildPhase section */
		EBF88E2B2BC5703E00DEF2FA /* Resources */ = {
			isa = PBXResourcesBuildPhase;
			buildActionMask = 2147483647;
			files = (
				EBF88E3D2BC5704200DEF2FA /* LaunchScreen.storyboard in Resources */,
				EBFF62C42BC78FD50013F50F /* GoogleService-Info.plist in Resources */,
				EBF88E3A2BC5704200DEF2FA /* Assets.xcassets in Resources */,
				EBF88E382BC5703E00DEF2FA /* Main.storyboard in Resources */,
				EBFF62CD2BC79D650013F50F /* FoodTypeCell.xib in Resources */,
			);
			runOnlyForDeploymentPostprocessing = 0;
		};
/* End PBXResourcesBuildPhase section */

/* Begin PBXShellScriptBuildPhase section */
		5F68ED975023633E62A1ADE2 /* [CP] Embed Pods Frameworks */ = {
			isa = PBXShellScriptBuildPhase;
			buildActionMask = 2147483647;
			files = (
			);
			inputFileListPaths = (
				"${PODS_ROOT}/Target Support Files/Pods-ReFridge/Pods-ReFridge-frameworks-${CONFIGURATION}-input-files.xcfilelist",
			);
			name = "[CP] Embed Pods Frameworks";
			outputFileListPaths = (
				"${PODS_ROOT}/Target Support Files/Pods-ReFridge/Pods-ReFridge-frameworks-${CONFIGURATION}-output-files.xcfilelist",
			);
			runOnlyForDeploymentPostprocessing = 0;
			shellPath = /bin/sh;
			shellScript = "\"${PODS_ROOT}/Target Support Files/Pods-ReFridge/Pods-ReFridge-frameworks.sh\"\n";
			showEnvVarsInLog = 0;
		};
		D3B346630223F0C1D098D33D /* [CP] Check Pods Manifest.lock */ = {
			isa = PBXShellScriptBuildPhase;
			buildActionMask = 2147483647;
			files = (
			);
			inputFileListPaths = (
			);
			inputPaths = (
				"${PODS_PODFILE_DIR_PATH}/Podfile.lock",
				"${PODS_ROOT}/Manifest.lock",
			);
			name = "[CP] Check Pods Manifest.lock";
			outputFileListPaths = (
			);
			outputPaths = (
				"$(DERIVED_FILE_DIR)/Pods-ReFridge-checkManifestLockResult.txt",
			);
			runOnlyForDeploymentPostprocessing = 0;
			shellPath = /bin/sh;
			shellScript = "diff \"${PODS_PODFILE_DIR_PATH}/Podfile.lock\" \"${PODS_ROOT}/Manifest.lock\" > /dev/null\nif [ $? != 0 ] ; then\n    # print error to STDERR\n    echo \"error: The sandbox is not in sync with the Podfile.lock. Run 'pod install' or update your CocoaPods installation.\" >&2\n    exit 1\nfi\n# This output is used by Xcode 'outputs' to avoid re-running this script phase.\necho \"SUCCESS\" > \"${SCRIPT_OUTPUT_FILE_0}\"\n";
			showEnvVarsInLog = 0;
		};
		EB9F9F302BC6B1C800C5CF76 /* ShellScript */ = {
			isa = PBXShellScriptBuildPhase;
			buildActionMask = 12;
			files = (
			);
			inputFileListPaths = (
			);
			inputPaths = (
			);
			outputFileListPaths = (
			);
			outputPaths = (
			);
			runOnlyForDeploymentPostprocessing = 0;
			shellPath = /bin/sh;
			shellScript = "# Type a script or drag a script file from your workspace to insert its path.\n\n\"${PODS_ROOT}/SwiftLint/swiftlint\"\n";
		};
/* End PBXShellScriptBuildPhase section */

/* Begin PBXSourcesBuildPhase section */
		EBF88E292BC5703E00DEF2FA /* Sources */ = {
			isa = PBXSourcesBuildPhase;
			buildActionMask = 2147483647;
			files = (
				EBF88E352BC5703E00DEF2FA /* MyFridgeViewController.swift in Sources */,
				EBF88E312BC5703E00DEF2FA /* AppDelegate.swift in Sources */,
				EBF88E332BC5703E00DEF2FA /* SceneDelegate.swift in Sources */,
				EBFF62C72BC7982E0013F50F /* FoodCardViewController.swift in Sources */,
				EBFF62D02BC79F9E0013F50F /* UICollectionView+Ext.swift in Sources */,
				EBFF62C22BC789380013F50F /* FirestoreManager.swift in Sources */,
				EBFF62CC2BC79D650013F50F /* FoodTypeCell.swift in Sources */,
			);
			runOnlyForDeploymentPostprocessing = 0;
		};
/* End PBXSourcesBuildPhase section */

/* Begin PBXVariantGroup section */
		EBF88E362BC5703E00DEF2FA /* Main.storyboard */ = {
			isa = PBXVariantGroup;
			children = (
				EBF88E372BC5703E00DEF2FA /* Base */,
			);
			name = Main.storyboard;
			sourceTree = "<group>";
		};
		EBF88E3B2BC5704200DEF2FA /* LaunchScreen.storyboard */ = {
			isa = PBXVariantGroup;
			children = (
				EBF88E3C2BC5704200DEF2FA /* Base */,
			);
			name = LaunchScreen.storyboard;
			sourceTree = "<group>";
		};
/* End PBXVariantGroup section */

/* Begin XCBuildConfiguration section */
		EBF88E3F2BC5704200DEF2FA /* Debug */ = {
			isa = XCBuildConfiguration;
			buildSettings = {
				ALWAYS_SEARCH_USER_PATHS = NO;
				ASSETCATALOG_COMPILER_GENERATE_SWIFT_ASSET_SYMBOL_EXTENSIONS = YES;
				CLANG_ANALYZER_NONNULL = YES;
				CLANG_ANALYZER_NUMBER_OBJECT_CONVERSION = YES_AGGRESSIVE;
				CLANG_CXX_LANGUAGE_STANDARD = "gnu++20";
				CLANG_ENABLE_MODULES = YES;
				CLANG_ENABLE_OBJC_ARC = YES;
				CLANG_ENABLE_OBJC_WEAK = YES;
				CLANG_WARN_BLOCK_CAPTURE_AUTORELEASING = YES;
				CLANG_WARN_BOOL_CONVERSION = YES;
				CLANG_WARN_COMMA = YES;
				CLANG_WARN_CONSTANT_CONVERSION = YES;
				CLANG_WARN_DEPRECATED_OBJC_IMPLEMENTATIONS = YES;
				CLANG_WARN_DIRECT_OBJC_ISA_USAGE = YES_ERROR;
				CLANG_WARN_DOCUMENTATION_COMMENTS = YES;
				CLANG_WARN_EMPTY_BODY = YES;
				CLANG_WARN_ENUM_CONVERSION = YES;
				CLANG_WARN_INFINITE_RECURSION = YES;
				CLANG_WARN_INT_CONVERSION = YES;
				CLANG_WARN_NON_LITERAL_NULL_CONVERSION = YES;
				CLANG_WARN_OBJC_IMPLICIT_RETAIN_SELF = YES;
				CLANG_WARN_OBJC_LITERAL_CONVERSION = YES;
				CLANG_WARN_OBJC_ROOT_CLASS = YES_ERROR;
				CLANG_WARN_QUOTED_INCLUDE_IN_FRAMEWORK_HEADER = YES;
				CLANG_WARN_RANGE_LOOP_ANALYSIS = YES;
				CLANG_WARN_STRICT_PROTOTYPES = YES;
				CLANG_WARN_SUSPICIOUS_MOVE = YES;
				CLANG_WARN_UNGUARDED_AVAILABILITY = YES_AGGRESSIVE;
				CLANG_WARN_UNREACHABLE_CODE = YES;
				CLANG_WARN__DUPLICATE_METHOD_MATCH = YES;
				COPY_PHASE_STRIP = NO;
				DEBUG_INFORMATION_FORMAT = dwarf;
				ENABLE_STRICT_OBJC_MSGSEND = YES;
				ENABLE_TESTABILITY = YES;
				ENABLE_USER_SCRIPT_SANDBOXING = NO;
				GCC_C_LANGUAGE_STANDARD = gnu17;
				GCC_DYNAMIC_NO_PIC = NO;
				GCC_NO_COMMON_BLOCKS = YES;
				GCC_OPTIMIZATION_LEVEL = 0;
				GCC_PREPROCESSOR_DEFINITIONS = (
					"DEBUG=1",
					"$(inherited)",
				);
				GCC_WARN_64_TO_32_BIT_CONVERSION = YES;
				GCC_WARN_ABOUT_RETURN_TYPE = YES_ERROR;
				GCC_WARN_UNDECLARED_SELECTOR = YES;
				GCC_WARN_UNINITIALIZED_AUTOS = YES_AGGRESSIVE;
				GCC_WARN_UNUSED_FUNCTION = YES;
				GCC_WARN_UNUSED_VARIABLE = YES;
				IPHONEOS_DEPLOYMENT_TARGET = 16.0;
				LOCALIZATION_PREFERS_STRING_CATALOGS = YES;
				MTL_ENABLE_DEBUG_INFO = INCLUDE_SOURCE;
				MTL_FAST_MATH = YES;
				ONLY_ACTIVE_ARCH = YES;
				SDKROOT = iphoneos;
				SWIFT_ACTIVE_COMPILATION_CONDITIONS = "DEBUG $(inherited)";
				SWIFT_OPTIMIZATION_LEVEL = "-Onone";
			};
			name = Debug;
		};
		EBF88E402BC5704200DEF2FA /* Release */ = {
			isa = XCBuildConfiguration;
			buildSettings = {
				ALWAYS_SEARCH_USER_PATHS = NO;
				ASSETCATALOG_COMPILER_GENERATE_SWIFT_ASSET_SYMBOL_EXTENSIONS = YES;
				CLANG_ANALYZER_NONNULL = YES;
				CLANG_ANALYZER_NUMBER_OBJECT_CONVERSION = YES_AGGRESSIVE;
				CLANG_CXX_LANGUAGE_STANDARD = "gnu++20";
				CLANG_ENABLE_MODULES = YES;
				CLANG_ENABLE_OBJC_ARC = YES;
				CLANG_ENABLE_OBJC_WEAK = YES;
				CLANG_WARN_BLOCK_CAPTURE_AUTORELEASING = YES;
				CLANG_WARN_BOOL_CONVERSION = YES;
				CLANG_WARN_COMMA = YES;
				CLANG_WARN_CONSTANT_CONVERSION = YES;
				CLANG_WARN_DEPRECATED_OBJC_IMPLEMENTATIONS = YES;
				CLANG_WARN_DIRECT_OBJC_ISA_USAGE = YES_ERROR;
				CLANG_WARN_DOCUMENTATION_COMMENTS = YES;
				CLANG_WARN_EMPTY_BODY = YES;
				CLANG_WARN_ENUM_CONVERSION = YES;
				CLANG_WARN_INFINITE_RECURSION = YES;
				CLANG_WARN_INT_CONVERSION = YES;
				CLANG_WARN_NON_LITERAL_NULL_CONVERSION = YES;
				CLANG_WARN_OBJC_IMPLICIT_RETAIN_SELF = YES;
				CLANG_WARN_OBJC_LITERAL_CONVERSION = YES;
				CLANG_WARN_OBJC_ROOT_CLASS = YES_ERROR;
				CLANG_WARN_QUOTED_INCLUDE_IN_FRAMEWORK_HEADER = YES;
				CLANG_WARN_RANGE_LOOP_ANALYSIS = YES;
				CLANG_WARN_STRICT_PROTOTYPES = YES;
				CLANG_WARN_SUSPICIOUS_MOVE = YES;
				CLANG_WARN_UNGUARDED_AVAILABILITY = YES_AGGRESSIVE;
				CLANG_WARN_UNREACHABLE_CODE = YES;
				CLANG_WARN__DUPLICATE_METHOD_MATCH = YES;
				COPY_PHASE_STRIP = NO;
				DEBUG_INFORMATION_FORMAT = "dwarf-with-dsym";
				ENABLE_NS_ASSERTIONS = NO;
				ENABLE_STRICT_OBJC_MSGSEND = YES;
				ENABLE_USER_SCRIPT_SANDBOXING = NO;
				GCC_C_LANGUAGE_STANDARD = gnu17;
				GCC_NO_COMMON_BLOCKS = YES;
				GCC_WARN_64_TO_32_BIT_CONVERSION = YES;
				GCC_WARN_ABOUT_RETURN_TYPE = YES_ERROR;
				GCC_WARN_UNDECLARED_SELECTOR = YES;
				GCC_WARN_UNINITIALIZED_AUTOS = YES_AGGRESSIVE;
				GCC_WARN_UNUSED_FUNCTION = YES;
				GCC_WARN_UNUSED_VARIABLE = YES;
				IPHONEOS_DEPLOYMENT_TARGET = 16.0;
				LOCALIZATION_PREFERS_STRING_CATALOGS = YES;
				MTL_ENABLE_DEBUG_INFO = NO;
				MTL_FAST_MATH = YES;
				SDKROOT = iphoneos;
				SWIFT_COMPILATION_MODE = wholemodule;
				VALIDATE_PRODUCT = YES;
			};
			name = Release;
		};
		EBF88E422BC5704200DEF2FA /* Debug */ = {
			isa = XCBuildConfiguration;
			baseConfigurationReference = 2A2A3BE874E2D79E74386116 /* Pods-ReFridge.debug.xcconfig */;
			buildSettings = {
				ASSETCATALOG_COMPILER_APPICON_NAME = AppIcon;
				ASSETCATALOG_COMPILER_GLOBAL_ACCENT_COLOR_NAME = AccentColor;
				CODE_SIGN_STYLE = Automatic;
				CURRENT_PROJECT_VERSION = 1;
				DEVELOPMENT_TEAM = 69265F56VU;
				GENERATE_INFOPLIST_FILE = YES;
				INFOPLIST_FILE = ReFridge/Info.plist;
				INFOPLIST_KEY_UIApplicationSupportsIndirectInputEvents = YES;
				INFOPLIST_KEY_UILaunchStoryboardName = LaunchScreen;
				INFOPLIST_KEY_UIMainStoryboardFile = Main;
				INFOPLIST_KEY_UISupportedInterfaceOrientations_iPad = "UIInterfaceOrientationPortrait UIInterfaceOrientationPortraitUpsideDown UIInterfaceOrientationLandscapeLeft UIInterfaceOrientationLandscapeRight";
				INFOPLIST_KEY_UISupportedInterfaceOrientations_iPhone = "UIInterfaceOrientationPortrait UIInterfaceOrientationLandscapeLeft UIInterfaceOrientationLandscapeRight";
				LD_RUNPATH_SEARCH_PATHS = (
					"$(inherited)",
					"@executable_path/Frameworks",
				);
				MARKETING_VERSION = 1.0;
				PRODUCT_BUNDLE_IDENTIFIER = come.yunChiehLee.ReFridge;
				PRODUCT_NAME = "$(TARGET_NAME)";
				SWIFT_EMIT_LOC_STRINGS = YES;
				SWIFT_VERSION = 5.0;
				TARGETED_DEVICE_FAMILY = "1,2";
			};
			name = Debug;
		};
		EBF88E432BC5704200DEF2FA /* Release */ = {
			isa = XCBuildConfiguration;
			baseConfigurationReference = CB7EF03CBFBE351CEBCF8C77 /* Pods-ReFridge.release.xcconfig */;
			buildSettings = {
				ASSETCATALOG_COMPILER_APPICON_NAME = AppIcon;
				ASSETCATALOG_COMPILER_GLOBAL_ACCENT_COLOR_NAME = AccentColor;
				CODE_SIGN_STYLE = Automatic;
				CURRENT_PROJECT_VERSION = 1;
				DEVELOPMENT_TEAM = 69265F56VU;
				GENERATE_INFOPLIST_FILE = YES;
				INFOPLIST_FILE = ReFridge/Info.plist;
				INFOPLIST_KEY_UIApplicationSupportsIndirectInputEvents = YES;
				INFOPLIST_KEY_UILaunchStoryboardName = LaunchScreen;
				INFOPLIST_KEY_UIMainStoryboardFile = Main;
				INFOPLIST_KEY_UISupportedInterfaceOrientations_iPad = "UIInterfaceOrientationPortrait UIInterfaceOrientationPortraitUpsideDown UIInterfaceOrientationLandscapeLeft UIInterfaceOrientationLandscapeRight";
				INFOPLIST_KEY_UISupportedInterfaceOrientations_iPhone = "UIInterfaceOrientationPortrait UIInterfaceOrientationLandscapeLeft UIInterfaceOrientationLandscapeRight";
				LD_RUNPATH_SEARCH_PATHS = (
					"$(inherited)",
					"@executable_path/Frameworks",
				);
				MARKETING_VERSION = 1.0;
				PRODUCT_BUNDLE_IDENTIFIER = come.yunChiehLee.ReFridge;
				PRODUCT_NAME = "$(TARGET_NAME)";
				SWIFT_EMIT_LOC_STRINGS = YES;
				SWIFT_VERSION = 5.0;
				TARGETED_DEVICE_FAMILY = "1,2";
			};
			name = Release;
		};
/* End XCBuildConfiguration section */

/* Begin XCConfigurationList section */
		EBF88E282BC5703E00DEF2FA /* Build configuration list for PBXProject "ReFridge" */ = {
			isa = XCConfigurationList;
			buildConfigurations = (
				EBF88E3F2BC5704200DEF2FA /* Debug */,
				EBF88E402BC5704200DEF2FA /* Release */,
			);
			defaultConfigurationIsVisible = 0;
			defaultConfigurationName = Release;
		};
		EBF88E412BC5704200DEF2FA /* Build configuration list for PBXNativeTarget "ReFridge" */ = {
			isa = XCConfigurationList;
			buildConfigurations = (
				EBF88E422BC5704200DEF2FA /* Debug */,
				EBF88E432BC5704200DEF2FA /* Release */,
			);
			defaultConfigurationIsVisible = 0;
			defaultConfigurationName = Release;
		};
/* End XCConfigurationList section */
	};
	rootObject = EBF88E252BC5703E00DEF2FA /* Project object */;
}
