// !$*UTF8*$!
{
	archiveVersion = 1;
	classes = {
	};
	objectVersion = 56;
	objects = {

/* Begin PBXBuildFile section */
		09D5F1CE52AAFB32B8B79417 /* Pods_ReFridge.framework in Frameworks */ = {isa = PBXBuildFile; fileRef = 7BF189C45662E7553E5D97B2 /* Pods_ReFridge.framework */; };
		EB0DD7B22BD637BC002147CC /* RecipeGalleryView.swift in Sources */ = {isa = PBXBuildFile; fileRef = EB0DD7B12BD637BC002147CC /* RecipeGalleryView.swift */; };
		EB0DD7B52BD63D21002147CC /* GalleryCell.swift in Sources */ = {isa = PBXBuildFile; fileRef = EB0DD7B42BD63D21002147CC /* GalleryCell.swift */; };
		EB0DD7B82BD64CA2002147CC /* KingFisherWrapper.swift in Sources */ = {isa = PBXBuildFile; fileRef = EB0DD7B72BD64CA2002147CC /* KingFisherWrapper.swift */; };
		EB0DD7BB2BD6695E002147CC /* RecipeIngredientCell.swift in Sources */ = {isa = PBXBuildFile; fileRef = EB0DD7B92BD6695E002147CC /* RecipeIngredientCell.swift */; };
		EB0DD7BC2BD6695E002147CC /* RecipeIngredientCell.xib in Resources */ = {isa = PBXBuildFile; fileRef = EB0DD7BA2BD6695E002147CC /* RecipeIngredientCell.xib */; };
		EB0DD7BF2BD679AF002147CC /* RecipeHintLabelCell.swift in Sources */ = {isa = PBXBuildFile; fileRef = EB0DD7BD2BD679AF002147CC /* RecipeHintLabelCell.swift */; };
		EB0DD7C02BD679AF002147CC /* RecipeHintLabelCell.xib in Resources */ = {isa = PBXBuildFile; fileRef = EB0DD7BE2BD679AF002147CC /* RecipeHintLabelCell.xib */; };
		EB0DD7C22BD6B312002147CC /* RecipeStepCell.xib in Resources */ = {isa = PBXBuildFile; fileRef = EB0DD7C12BD6B312002147CC /* RecipeStepCell.xib */; };
		EB1106432BF108830002E841 /* RecipeViewModel.swift in Sources */ = {isa = PBXBuildFile; fileRef = EB1106422BF108830002E841 /* RecipeViewModel.swift */; };
		EB1698C72BDB632C00B972D0 /* RecipeButtonCell.swift in Sources */ = {isa = PBXBuildFile; fileRef = EB1698C52BDB632C00B972D0 /* RecipeButtonCell.swift */; };
		EB1698C82BDB632C00B972D0 /* RecipeButtonCell.xib in Resources */ = {isa = PBXBuildFile; fileRef = EB1698C62BDB632C00B972D0 /* RecipeButtonCell.xib */; };
		EB1698CD2BDB893300B972D0 /* EmptyDataManager.swift in Sources */ = {isa = PBXBuildFile; fileRef = EB1698CC2BDB893300B972D0 /* EmptyDataManager.swift */; };
		EB2F0C652BCB74AB00FFBED5 /* AddItemViewController.swift in Sources */ = {isa = PBXBuildFile; fileRef = EB2F0C642BCB74AB00FFBED5 /* AddItemViewController.swift */; };
		EB2F0C672BCB7C3700FFBED5 /* FormatterManager.swift in Sources */ = {isa = PBXBuildFile; fileRef = EB2F0C662BCB7C3700FFBED5 /* FormatterManager.swift */; };
		EB2F1D8D2BCE1C58000C9295 /* Double+Ext.swift in Sources */ = {isa = PBXBuildFile; fileRef = EB2F1D8C2BCE1C58000C9295 /* Double+Ext.swift */; };
		EB425BDB2BCF7D74000C75A6 /* Filter.swift in Sources */ = {isa = PBXBuildFile; fileRef = EB425BDA2BCF7D74000C75A6 /* Filter.swift */; };
		EB425BDE2BD0DEF8000C75A6 /* ChartViewController.swift in Sources */ = {isa = PBXBuildFile; fileRef = EB425BDD2BD0DEF8000C75A6 /* ChartViewController.swift */; };
		EB425BE02BD0F873000C75A6 /* UIColor+Ext.swift in Sources */ = {isa = PBXBuildFile; fileRef = EB425BDF2BD0F873000C75A6 /* UIColor+Ext.swift */; };
		EB425BE22BD12FDA000C75A6 /* PieChartView.swift in Sources */ = {isa = PBXBuildFile; fileRef = EB425BE12BD12FDA000C75A6 /* PieChartView.swift */; };
		EB425BE42BD1354D000C75A6 /* BarChartView.swift in Sources */ = {isa = PBXBuildFile; fileRef = EB425BE32BD1354D000C75A6 /* BarChartView.swift */; };
		EB425BE62BD145DD000C75A6 /* ChartCounts.swift in Sources */ = {isa = PBXBuildFile; fileRef = EB425BE52BD145DD000C75A6 /* ChartCounts.swift */; };
		EB493AF22BD35E41006204D8 /* AddFoodCardViewController.swift in Sources */ = {isa = PBXBuildFile; fileRef = EB493AF12BD35E41006204D8 /* AddFoodCardViewController.swift */; };
		EB493AF62BD35EA2006204D8 /* CardTypeCell.swift in Sources */ = {isa = PBXBuildFile; fileRef = EB493AF42BD35EA2006204D8 /* CardTypeCell.swift */; };
		EB493AF72BD35EA2006204D8 /* CardTypeCell.xib in Resources */ = {isa = PBXBuildFile; fileRef = EB493AF52BD35EA2006204D8 /* CardTypeCell.xib */; };
		EB493AFA2BD363A1006204D8 /* CardInfoCell.swift in Sources */ = {isa = PBXBuildFile; fileRef = EB493AF82BD363A1006204D8 /* CardInfoCell.swift */; };
		EB493AFB2BD363A1006204D8 /* CardInfoCell.xib in Resources */ = {isa = PBXBuildFile; fileRef = EB493AF92BD363A1006204D8 /* CardInfoCell.xib */; };
		EB54F55C2BF23CE200EAC7C5 /* TypeImageHeaderView.swift in Sources */ = {isa = PBXBuildFile; fileRef = EB54F55B2BF23CE200EAC7C5 /* TypeImageHeaderView.swift */; };
		EB5A312A2BDFAE7E0002DFE6 /* AccountManager.swift in Sources */ = {isa = PBXBuildFile; fileRef = EB5A31292BDFAE7E0002DFE6 /* AccountManager.swift */; };
		EB5FB70E2BF5BD3A00B0F976 /* RecipeDetailViewModel.swift in Sources */ = {isa = PBXBuildFile; fileRef = EB5FB70D2BF5BD3A00B0F976 /* RecipeDetailViewModel.swift */; };
		EB65E9DD2BE0D8E200FB9EF7 /* UserInfo.swift in Sources */ = {isa = PBXBuildFile; fileRef = EB65E9DC2BE0D8E200FB9EF7 /* UserInfo.swift */; };
		EB65EA022BE14D8600FB9EF7 /* Login.storyboard in Resources */ = {isa = PBXBuildFile; fileRef = EB65EA012BE14D8600FB9EF7 /* Login.storyboard */; };
		EB65EA072BE155A700FB9EF7 /* LoginViewController.swift in Sources */ = {isa = PBXBuildFile; fileRef = EB65EA062BE155A700FB9EF7 /* LoginViewController.swift */; };
		EB84D43A2BD24661008E274C /* Scores.swift in Sources */ = {isa = PBXBuildFile; fileRef = EB84D4392BD24661008E274C /* Scores.swift */; };
		EB84D43C2BD2862A008E274C /* AddFoodTypeViewController.swift in Sources */ = {isa = PBXBuildFile; fileRef = EB84D43B2BD2862A008E274C /* AddFoodTypeViewController.swift */; };
		EB84D4402BD29AA7008E274C /* TypeImageCell.swift in Sources */ = {isa = PBXBuildFile; fileRef = EB84D43E2BD29AA7008E274C /* TypeImageCell.swift */; };
		EB84D4412BD29AA7008E274C /* TypeImageCell.xib in Resources */ = {isa = PBXBuildFile; fileRef = EB84D43F2BD29AA7008E274C /* TypeImageCell.xib */; };
		EB88937D2BCADFE600189B7C /* ListItem.swift in Sources */ = {isa = PBXBuildFile; fileRef = EB88937C2BCADFE600189B7C /* ListItem.swift */; };
		EB8893802BCAE7CD00189B7C /* ShoppingListViewController.swift in Sources */ = {isa = PBXBuildFile; fileRef = EB88937F2BCAE7CD00189B7C /* ShoppingListViewController.swift */; };
		EB9A595A2BE8FB4000CF5324 /* BaseViewController.swift in Sources */ = {isa = PBXBuildFile; fileRef = EB9A59592BE8FB4000CF5324 /* BaseViewController.swift */; };
		EBA194552BEBA77600CFEBAC /* FirebaseFirestoreSwift in Frameworks */ = {isa = PBXBuildFile; productRef = EBA194542BEBA77600CFEBAC /* FirebaseFirestoreSwift */; };
		EBA806D42BEB8074001F9A8C /* FirebaseCrashlytics in Frameworks */ = {isa = PBXBuildFile; productRef = EBA806D32BEB8074001F9A8C /* FirebaseCrashlytics */; };
		EBA806D72BEB8BD3001F9A8C /* FirebaseAnalytics in Frameworks */ = {isa = PBXBuildFile; productRef = EBA806D62BEB8BD3001F9A8C /* FirebaseAnalytics */; };
		EBA806D92BEB8DBB001F9A8C /* FirebaseAnalyticsSwift in Frameworks */ = {isa = PBXBuildFile; productRef = EBA806D82BEB8DBB001F9A8C /* FirebaseAnalyticsSwift */; };
		EBAC18902BC98325002BB6E7 /* FoodTypeViewController.swift in Sources */ = {isa = PBXBuildFile; fileRef = EBAC188F2BC98325002BB6E7 /* FoodTypeViewController.swift */; };
		EBAC18932BCA22F0002BB6E7 /* FirebaseAuth in Frameworks */ = {isa = PBXBuildFile; productRef = EBAC18922BCA22F0002BB6E7 /* FirebaseAuth */; };
		EBAC18952BCA22F0002BB6E7 /* FirebaseFirestore in Frameworks */ = {isa = PBXBuildFile; productRef = EBAC18942BCA22F0002BB6E7 /* FirebaseFirestore */; };
		EBAD131D2BCCDEB000F40A71 /* TextScanManager.swift in Sources */ = {isa = PBXBuildFile; fileRef = EBAD131C2BCCDEB000F40A71 /* TextScanManager.swift */; };
		EBAD13202BCCF75000F40A71 /* RecongCell.swift in Sources */ = {isa = PBXBuildFile; fileRef = EBAD131F2BCCF75000F40A71 /* RecongCell.swift */; };
		EBAD13222BCCF78200F40A71 /* NotRecongCell.swift in Sources */ = {isa = PBXBuildFile; fileRef = EBAD13212BCCF78200F40A71 /* NotRecongCell.swift */; };
		EBAD13242BCCF7A800F40A71 /* ScanResultViewController.swift in Sources */ = {isa = PBXBuildFile; fileRef = EBAD13232BCCF7A800F40A71 /* ScanResultViewController.swift */; };
		EBAD13262BCCFDCB00F40A71 /* ScanTextItem.swift in Sources */ = {isa = PBXBuildFile; fileRef = EBAD13252BCCFDCB00F40A71 /* ScanTextItem.swift */; };
		EBAF18F22BE6354000442BA0 /* OpenAIManager.swift in Sources */ = {isa = PBXBuildFile; fileRef = EBAF18F12BE6354000442BA0 /* OpenAIManager.swift */; };
		EBAF18F52BE639D900442BA0 /* OpenAI in Frameworks */ = {isa = PBXBuildFile; productRef = EBAF18F42BE639D900442BA0 /* OpenAI */; };
		EBAF18F82BE733EF00442BA0 /* Secrets.swift in Sources */ = {isa = PBXBuildFile; fileRef = EBAF18F72BE733EF00442BA0 /* Secrets.swift */; };
		EBAF18FF2BE7713C00442BA0 /* NothingYouCouldDo-Regular.ttf in Resources */ = {isa = PBXBuildFile; fileRef = EBAF18FE2BE7713C00442BA0 /* NothingYouCouldDo-Regular.ttf */; };
		EBB3E4F52BF7228500465B57 /* ShoppingListViewModel.swift in Sources */ = {isa = PBXBuildFile; fileRef = EBB3E4F42BF7228500465B57 /* ShoppingListViewModel.swift */; };
		EBB971482BD4F2EC00F5D1DB /* MesureWord.swift in Sources */ = {isa = PBXBuildFile; fileRef = EBB971472BD4F2EC00F5D1DB /* MesureWord.swift */; };
		EBB9714C2BD4FBF000F5D1DB /* ItemInfoCell.swift in Sources */ = {isa = PBXBuildFile; fileRef = EBB9714A2BD4FBF000F5D1DB /* ItemInfoCell.swift */; };
		EBB9714D2BD4FBF000F5D1DB /* ItemInfoCell.xib in Resources */ = {isa = PBXBuildFile; fileRef = EBB9714B2BD4FBF000F5D1DB /* ItemInfoCell.xib */; };
		EBB971512BD5088200F5D1DB /* ShoppingListCell.swift in Sources */ = {isa = PBXBuildFile; fileRef = EBB9714F2BD5088200F5D1DB /* ShoppingListCell.swift */; };
		EBB971522BD5088200F5D1DB /* ShoppingListCell.xib in Resources */ = {isa = PBXBuildFile; fileRef = EBB971502BD5088200F5D1DB /* ShoppingListCell.xib */; };
		EBC154B92BDCE03600F9AFF8 /* ProfileHeaderView.swift in Sources */ = {isa = PBXBuildFile; fileRef = EBC154B82BDCE03600F9AFF8 /* ProfileHeaderView.swift */; };
		EBC154BB2BDD17B300F9AFF8 /* RefresherManager.swift in Sources */ = {isa = PBXBuildFile; fileRef = EBC154BA2BDD17B300F9AFF8 /* RefresherManager.swift */; };
		EBC154BD2BDE3EB700F9AFF8 /* SwiftEntryKitWrapper.swift in Sources */ = {isa = PBXBuildFile; fileRef = EBC154BC2BDE3EB700F9AFF8 /* SwiftEntryKitWrapper.swift */; };
		EBCAFFC62BD36D0600F3DBFD /* UITableView+Ext.swift in Sources */ = {isa = PBXBuildFile; fileRef = EBCAFFC52BD36D0600F3DBFD /* UITableView+Ext.swift */; };
		EBCBBDC72BE3C48C0034246A /* AvatarViewController.swift in Sources */ = {isa = PBXBuildFile; fileRef = EBCBBDC62BE3C48C0034246A /* AvatarViewController.swift */; };
		EBCBBDCB2BE3CCE50034246A /* AvatarCell.swift in Sources */ = {isa = PBXBuildFile; fileRef = EBCBBDC92BE3CCE50034246A /* AvatarCell.swift */; };
		EBCBBDCC2BE3CCE50034246A /* AvatarCell.xib in Resources */ = {isa = PBXBuildFile; fileRef = EBCBBDCA2BE3CCE50034246A /* AvatarCell.xib */; };
		EBCC794F2BCA2CB90029B754 /* RecipeCell.swift in Sources */ = {isa = PBXBuildFile; fileRef = EBCC794E2BCA2CB90029B754 /* RecipeCell.swift */; };
		EBCC79512BCA2CD50029B754 /* RecipeViewController.swift in Sources */ = {isa = PBXBuildFile; fileRef = EBCC79502BCA2CD50029B754 /* RecipeViewController.swift */; };
		EBCC79532BCA345A0029B754 /* Recipe.swift in Sources */ = {isa = PBXBuildFile; fileRef = EBCC79522BCA345A0029B754 /* Recipe.swift */; };
		EBCC79552BCA5D920029B754 /* IngredientStatus.swift in Sources */ = {isa = PBXBuildFile; fileRef = EBCC79542BCA5D920029B754 /* IngredientStatus.swift */; };
		EBCC79582BCA71BF0029B754 /* RecipeDetailViewController.swift in Sources */ = {isa = PBXBuildFile; fileRef = EBCC79572BCA71BF0029B754 /* RecipeDetailViewController.swift */; };
		EBCC79602BCA73F00029B754 /* RecipeStepCell.swift in Sources */ = {isa = PBXBuildFile; fileRef = EBCC795F2BCA73F00029B754 /* RecipeStepCell.swift */; };
		EBEE25562BEF40F800B6401F /* MyFridgeViewModel.swift in Sources */ = {isa = PBXBuildFile; fileRef = EBEE25552BEF40F800B6401F /* MyFridgeViewModel.swift */; };
		EBEE25582BEF609400B6401F /* AddFoodCardViewModel.swift in Sources */ = {isa = PBXBuildFile; fileRef = EBEE25572BEF609400B6401F /* AddFoodCardViewModel.swift */; };
		EBEE255A2BEF62D500B6401F /* ErrorType.swift in Sources */ = {isa = PBXBuildFile; fileRef = EBEE25592BEF62D500B6401F /* ErrorType.swift */; };
		EBEE255C2BEFBBA200B6401F /* ScanResultViewModel.swift in Sources */ = {isa = PBXBuildFile; fileRef = EBEE255B2BEFBBA200B6401F /* ScanResultViewModel.swift */; };
		EBEE25602BEFCE3B00B6401F /* ChartViewModel.swift in Sources */ = {isa = PBXBuildFile; fileRef = EBEE255F2BEFCE3B00B6401F /* ChartViewModel.swift */; };
		EBF199532BD75AC700594CCE /* UIView+Ext.swift in Sources */ = {isa = PBXBuildFile; fileRef = EBF199522BD75AC700594CCE /* UIView+Ext.swift */; };
		EBF199552BD768E400594CCE /* RecipeHeaderView.swift in Sources */ = {isa = PBXBuildFile; fileRef = EBF199542BD768E400594CCE /* RecipeHeaderView.swift */; };
		EBF199572BD7691300594CCE /* RecipeHeaderView.xib in Resources */ = {isa = PBXBuildFile; fileRef = EBF199562BD7691300594CCE /* RecipeHeaderView.xib */; };
		EBF199592BD791BF00594CCE /* RecongCell.xib in Resources */ = {isa = PBXBuildFile; fileRef = EBF199582BD791BF00594CCE /* RecongCell.xib */; };
		EBF1995B2BD7A05600594CCE /* NotRecongCell.xib in Resources */ = {isa = PBXBuildFile; fileRef = EBF1995A2BD7A05600594CCE /* NotRecongCell.xib */; };
		EBF484CA2BD7530100B37580 /* RecipeInfoCell.swift in Sources */ = {isa = PBXBuildFile; fileRef = EBF484C82BD7530100B37580 /* RecipeInfoCell.swift */; };
		EBF484CB2BD7530100B37580 /* RecipeInfoCell.xib in Resources */ = {isa = PBXBuildFile; fileRef = EBF484C92BD7530100B37580 /* RecipeInfoCell.xib */; };
		EBF88E312BC5703E00DEF2FA /* AppDelegate.swift in Sources */ = {isa = PBXBuildFile; fileRef = EBF88E302BC5703E00DEF2FA /* AppDelegate.swift */; };
		EBF88E332BC5703E00DEF2FA /* SceneDelegate.swift in Sources */ = {isa = PBXBuildFile; fileRef = EBF88E322BC5703E00DEF2FA /* SceneDelegate.swift */; };
		EBF88E352BC5703E00DEF2FA /* MyFridgeViewController.swift in Sources */ = {isa = PBXBuildFile; fileRef = EBF88E342BC5703E00DEF2FA /* MyFridgeViewController.swift */; };
		EBF88E382BC5703E00DEF2FA /* Main.storyboard in Resources */ = {isa = PBXBuildFile; fileRef = EBF88E362BC5703E00DEF2FA /* Main.storyboard */; };
		EBF88E3A2BC5704200DEF2FA /* Assets.xcassets in Resources */ = {isa = PBXBuildFile; fileRef = EBF88E392BC5704200DEF2FA /* Assets.xcassets */; };
		EBF88E3D2BC5704200DEF2FA /* LaunchScreen.storyboard in Resources */ = {isa = PBXBuildFile; fileRef = EBF88E3B2BC5704200DEF2FA /* LaunchScreen.storyboard */; };
		EBFF62C22BC789380013F50F /* FirestoreManager.swift in Sources */ = {isa = PBXBuildFile; fileRef = EBFF62C12BC789380013F50F /* FirestoreManager.swift */; };
		EBFF62C42BC78FD50013F50F /* GoogleService-Info.plist in Resources */ = {isa = PBXBuildFile; fileRef = EBFF62C32BC78FD40013F50F /* GoogleService-Info.plist */; };
		EBFF62CC2BC79D650013F50F /* FoodTypeCell.swift in Sources */ = {isa = PBXBuildFile; fileRef = EBFF62CA2BC79D650013F50F /* FoodTypeCell.swift */; };
		EBFF62CD2BC79D650013F50F /* FoodTypeCell.xib in Resources */ = {isa = PBXBuildFile; fileRef = EBFF62CB2BC79D650013F50F /* FoodTypeCell.xib */; };
		EBFF62D02BC79F9E0013F50F /* UICollectionView+Ext.swift in Sources */ = {isa = PBXBuildFile; fileRef = EBFF62CF2BC79F9E0013F50F /* UICollectionView+Ext.swift */; };
		EBFF62D32BC7C9E10013F50F /* FoodCard.swift in Sources */ = {isa = PBXBuildFile; fileRef = EBFF62D22BC7C9E10013F50F /* FoodCard.swift */; };
		EBFF62D52BC7CF7F0013F50F /* FoodType.swift in Sources */ = {isa = PBXBuildFile; fileRef = EBFF62D42BC7CF7F0013F50F /* FoodType.swift */; };
		EBFF62D72BC7E4750013F50F /* UIImage+Ext.swift in Sources */ = {isa = PBXBuildFile; fileRef = EBFF62D62BC7E4750013F50F /* UIImage+Ext.swift */; };
		EBFF62DD2BC8197A0013F50F /* FoodCardCell.swift in Sources */ = {isa = PBXBuildFile; fileRef = EBFF62DB2BC8197A0013F50F /* FoodCardCell.swift */; };
		EBFF62DE2BC8197A0013F50F /* FoodCardCell.xib in Resources */ = {isa = PBXBuildFile; fileRef = EBFF62DC2BC8197A0013F50F /* FoodCardCell.xib */; };
		EBFF62E02BC8565E0013F50F /* Date+Ext.swift in Sources */ = {isa = PBXBuildFile; fileRef = EBFF62DF2BC8565E0013F50F /* Date+Ext.swift */; };
/* End PBXBuildFile section */

/* Begin PBXFileReference section */
		2A2A3BE874E2D79E74386116 /* Pods-ReFridge.debug.xcconfig */ = {isa = PBXFileReference; includeInIndex = 1; lastKnownFileType = text.xcconfig; name = "Pods-ReFridge.debug.xcconfig"; path = "Target Support Files/Pods-ReFridge/Pods-ReFridge.debug.xcconfig"; sourceTree = "<group>"; };
		7BF189C45662E7553E5D97B2 /* Pods_ReFridge.framework */ = {isa = PBXFileReference; explicitFileType = wrapper.framework; includeInIndex = 0; path = Pods_ReFridge.framework; sourceTree = BUILT_PRODUCTS_DIR; };
		CB7EF03CBFBE351CEBCF8C77 /* Pods-ReFridge.release.xcconfig */ = {isa = PBXFileReference; includeInIndex = 1; lastKnownFileType = text.xcconfig; name = "Pods-ReFridge.release.xcconfig"; path = "Target Support Files/Pods-ReFridge/Pods-ReFridge.release.xcconfig"; sourceTree = "<group>"; };
		EB0DD7B12BD637BC002147CC /* RecipeGalleryView.swift */ = {isa = PBXFileReference; lastKnownFileType = sourcecode.swift; path = RecipeGalleryView.swift; sourceTree = "<group>"; };
		EB0DD7B42BD63D21002147CC /* GalleryCell.swift */ = {isa = PBXFileReference; lastKnownFileType = sourcecode.swift; path = GalleryCell.swift; sourceTree = "<group>"; };
		EB0DD7B72BD64CA2002147CC /* KingFisherWrapper.swift */ = {isa = PBXFileReference; lastKnownFileType = sourcecode.swift; path = KingFisherWrapper.swift; sourceTree = "<group>"; };
		EB0DD7B92BD6695E002147CC /* RecipeIngredientCell.swift */ = {isa = PBXFileReference; lastKnownFileType = sourcecode.swift; path = RecipeIngredientCell.swift; sourceTree = "<group>"; };
		EB0DD7BA2BD6695E002147CC /* RecipeIngredientCell.xib */ = {isa = PBXFileReference; lastKnownFileType = file.xib; path = RecipeIngredientCell.xib; sourceTree = "<group>"; };
		EB0DD7BD2BD679AF002147CC /* RecipeHintLabelCell.swift */ = {isa = PBXFileReference; lastKnownFileType = sourcecode.swift; path = RecipeHintLabelCell.swift; sourceTree = "<group>"; };
		EB0DD7BE2BD679AF002147CC /* RecipeHintLabelCell.xib */ = {isa = PBXFileReference; lastKnownFileType = file.xib; path = RecipeHintLabelCell.xib; sourceTree = "<group>"; };
		EB0DD7C12BD6B312002147CC /* RecipeStepCell.xib */ = {isa = PBXFileReference; lastKnownFileType = file.xib; path = RecipeStepCell.xib; sourceTree = "<group>"; };
		EB1106422BF108830002E841 /* RecipeViewModel.swift */ = {isa = PBXFileReference; lastKnownFileType = sourcecode.swift; path = RecipeViewModel.swift; sourceTree = "<group>"; };
		EB1698C52BDB632C00B972D0 /* RecipeButtonCell.swift */ = {isa = PBXFileReference; lastKnownFileType = sourcecode.swift; path = RecipeButtonCell.swift; sourceTree = "<group>"; };
		EB1698C62BDB632C00B972D0 /* RecipeButtonCell.xib */ = {isa = PBXFileReference; lastKnownFileType = file.xib; path = RecipeButtonCell.xib; sourceTree = "<group>"; };
		EB1698CC2BDB893300B972D0 /* EmptyDataManager.swift */ = {isa = PBXFileReference; lastKnownFileType = sourcecode.swift; path = EmptyDataManager.swift; sourceTree = "<group>"; };
		EB2F0C642BCB74AB00FFBED5 /* AddItemViewController.swift */ = {isa = PBXFileReference; lastKnownFileType = sourcecode.swift; path = AddItemViewController.swift; sourceTree = "<group>"; };
		EB2F0C662BCB7C3700FFBED5 /* FormatterManager.swift */ = {isa = PBXFileReference; lastKnownFileType = sourcecode.swift; path = FormatterManager.swift; sourceTree = "<group>"; };
		EB2F1D8C2BCE1C58000C9295 /* Double+Ext.swift */ = {isa = PBXFileReference; lastKnownFileType = sourcecode.swift; path = "Double+Ext.swift"; sourceTree = "<group>"; };
		EB425BDA2BCF7D74000C75A6 /* Filter.swift */ = {isa = PBXFileReference; lastKnownFileType = sourcecode.swift; path = Filter.swift; sourceTree = "<group>"; };
		EB425BDD2BD0DEF8000C75A6 /* ChartViewController.swift */ = {isa = PBXFileReference; lastKnownFileType = sourcecode.swift; path = ChartViewController.swift; sourceTree = "<group>"; };
		EB425BDF2BD0F873000C75A6 /* UIColor+Ext.swift */ = {isa = PBXFileReference; lastKnownFileType = sourcecode.swift; path = "UIColor+Ext.swift"; sourceTree = "<group>"; };
		EB425BE12BD12FDA000C75A6 /* PieChartView.swift */ = {isa = PBXFileReference; lastKnownFileType = sourcecode.swift; path = PieChartView.swift; sourceTree = "<group>"; };
		EB425BE32BD1354D000C75A6 /* BarChartView.swift */ = {isa = PBXFileReference; lastKnownFileType = sourcecode.swift; path = BarChartView.swift; sourceTree = "<group>"; };
		EB425BE52BD145DD000C75A6 /* ChartCounts.swift */ = {isa = PBXFileReference; lastKnownFileType = sourcecode.swift; path = ChartCounts.swift; sourceTree = "<group>"; };
		EB493AF12BD35E41006204D8 /* AddFoodCardViewController.swift */ = {isa = PBXFileReference; lastKnownFileType = sourcecode.swift; path = AddFoodCardViewController.swift; sourceTree = "<group>"; };
		EB493AF42BD35EA2006204D8 /* CardTypeCell.swift */ = {isa = PBXFileReference; lastKnownFileType = sourcecode.swift; path = CardTypeCell.swift; sourceTree = "<group>"; };
		EB493AF52BD35EA2006204D8 /* CardTypeCell.xib */ = {isa = PBXFileReference; lastKnownFileType = file.xib; path = CardTypeCell.xib; sourceTree = "<group>"; };
		EB493AF82BD363A1006204D8 /* CardInfoCell.swift */ = {isa = PBXFileReference; lastKnownFileType = sourcecode.swift; path = CardInfoCell.swift; sourceTree = "<group>"; };
		EB493AF92BD363A1006204D8 /* CardInfoCell.xib */ = {isa = PBXFileReference; lastKnownFileType = file.xib; path = CardInfoCell.xib; sourceTree = "<group>"; };
		EB54F55B2BF23CE200EAC7C5 /* TypeImageHeaderView.swift */ = {isa = PBXFileReference; lastKnownFileType = sourcecode.swift; path = TypeImageHeaderView.swift; sourceTree = "<group>"; };
		EB5A31282BDF8C230002DFE6 /* ReFridge.entitlements */ = {isa = PBXFileReference; lastKnownFileType = text.plist.entitlements; path = ReFridge.entitlements; sourceTree = "<group>"; };
		EB5A31292BDFAE7E0002DFE6 /* AccountManager.swift */ = {isa = PBXFileReference; lastKnownFileType = sourcecode.swift; path = AccountManager.swift; sourceTree = "<group>"; };
		EB5FB70D2BF5BD3A00B0F976 /* RecipeDetailViewModel.swift */ = {isa = PBXFileReference; lastKnownFileType = sourcecode.swift; path = RecipeDetailViewModel.swift; sourceTree = "<group>"; };
		EB65E9DC2BE0D8E200FB9EF7 /* UserInfo.swift */ = {isa = PBXFileReference; lastKnownFileType = sourcecode.swift; path = UserInfo.swift; sourceTree = "<group>"; };
		EB65EA012BE14D8600FB9EF7 /* Login.storyboard */ = {isa = PBXFileReference; fileEncoding = 4; lastKnownFileType = file.storyboard; path = Login.storyboard; sourceTree = "<group>"; };
		EB65EA062BE155A700FB9EF7 /* LoginViewController.swift */ = {isa = PBXFileReference; lastKnownFileType = sourcecode.swift; path = LoginViewController.swift; sourceTree = "<group>"; };
		EB84D4392BD24661008E274C /* Scores.swift */ = {isa = PBXFileReference; lastKnownFileType = sourcecode.swift; path = Scores.swift; sourceTree = "<group>"; };
		EB84D43B2BD2862A008E274C /* AddFoodTypeViewController.swift */ = {isa = PBXFileReference; lastKnownFileType = sourcecode.swift; path = AddFoodTypeViewController.swift; sourceTree = "<group>"; };
		EB84D43E2BD29AA7008E274C /* TypeImageCell.swift */ = {isa = PBXFileReference; lastKnownFileType = sourcecode.swift; path = TypeImageCell.swift; sourceTree = "<group>"; };
		EB84D43F2BD29AA7008E274C /* TypeImageCell.xib */ = {isa = PBXFileReference; lastKnownFileType = file.xib; path = TypeImageCell.xib; sourceTree = "<group>"; };
		EB88937C2BCADFE600189B7C /* ListItem.swift */ = {isa = PBXFileReference; lastKnownFileType = sourcecode.swift; path = ListItem.swift; sourceTree = "<group>"; };
		EB88937F2BCAE7CD00189B7C /* ShoppingListViewController.swift */ = {isa = PBXFileReference; lastKnownFileType = sourcecode.swift; path = ShoppingListViewController.swift; sourceTree = "<group>"; };
		EB9A59592BE8FB4000CF5324 /* BaseViewController.swift */ = {isa = PBXFileReference; lastKnownFileType = sourcecode.swift; path = BaseViewController.swift; sourceTree = "<group>"; };
		EBAC188F2BC98325002BB6E7 /* FoodTypeViewController.swift */ = {isa = PBXFileReference; fileEncoding = 4; lastKnownFileType = sourcecode.swift; path = FoodTypeViewController.swift; sourceTree = "<group>"; };
		EBAD131C2BCCDEB000F40A71 /* TextScanManager.swift */ = {isa = PBXFileReference; lastKnownFileType = sourcecode.swift; path = TextScanManager.swift; sourceTree = "<group>"; };
		EBAD131F2BCCF75000F40A71 /* RecongCell.swift */ = {isa = PBXFileReference; lastKnownFileType = sourcecode.swift; path = RecongCell.swift; sourceTree = "<group>"; };
		EBAD13212BCCF78200F40A71 /* NotRecongCell.swift */ = {isa = PBXFileReference; lastKnownFileType = sourcecode.swift; path = NotRecongCell.swift; sourceTree = "<group>"; };
		EBAD13232BCCF7A800F40A71 /* ScanResultViewController.swift */ = {isa = PBXFileReference; lastKnownFileType = sourcecode.swift; path = ScanResultViewController.swift; sourceTree = "<group>"; };
		EBAD13252BCCFDCB00F40A71 /* ScanTextItem.swift */ = {isa = PBXFileReference; lastKnownFileType = sourcecode.swift; path = ScanTextItem.swift; sourceTree = "<group>"; };
		EBAF18F12BE6354000442BA0 /* OpenAIManager.swift */ = {isa = PBXFileReference; lastKnownFileType = sourcecode.swift; path = OpenAIManager.swift; sourceTree = "<group>"; };
		EBAF18F72BE733EF00442BA0 /* Secrets.swift */ = {isa = PBXFileReference; lastKnownFileType = sourcecode.swift; path = Secrets.swift; sourceTree = "<group>"; };
		EBAF18FE2BE7713C00442BA0 /* NothingYouCouldDo-Regular.ttf */ = {isa = PBXFileReference; lastKnownFileType = file; path = "NothingYouCouldDo-Regular.ttf"; sourceTree = "<group>"; };
		EBB3E4F42BF7228500465B57 /* ShoppingListViewModel.swift */ = {isa = PBXFileReference; lastKnownFileType = sourcecode.swift; path = ShoppingListViewModel.swift; sourceTree = "<group>"; };
		EBB971472BD4F2EC00F5D1DB /* MesureWord.swift */ = {isa = PBXFileReference; lastKnownFileType = sourcecode.swift; path = MesureWord.swift; sourceTree = "<group>"; };
		EBB9714A2BD4FBF000F5D1DB /* ItemInfoCell.swift */ = {isa = PBXFileReference; lastKnownFileType = sourcecode.swift; path = ItemInfoCell.swift; sourceTree = "<group>"; };
		EBB9714B2BD4FBF000F5D1DB /* ItemInfoCell.xib */ = {isa = PBXFileReference; lastKnownFileType = file.xib; path = ItemInfoCell.xib; sourceTree = "<group>"; };
		EBB9714F2BD5088200F5D1DB /* ShoppingListCell.swift */ = {isa = PBXFileReference; lastKnownFileType = sourcecode.swift; path = ShoppingListCell.swift; sourceTree = "<group>"; };
		EBB971502BD5088200F5D1DB /* ShoppingListCell.xib */ = {isa = PBXFileReference; lastKnownFileType = file.xib; path = ShoppingListCell.xib; sourceTree = "<group>"; };
		EBC154B82BDCE03600F9AFF8 /* ProfileHeaderView.swift */ = {isa = PBXFileReference; lastKnownFileType = sourcecode.swift; path = ProfileHeaderView.swift; sourceTree = "<group>"; };
		EBC154BA2BDD17B300F9AFF8 /* RefresherManager.swift */ = {isa = PBXFileReference; lastKnownFileType = sourcecode.swift; path = RefresherManager.swift; sourceTree = "<group>"; };
		EBC154BC2BDE3EB700F9AFF8 /* SwiftEntryKitWrapper.swift */ = {isa = PBXFileReference; lastKnownFileType = sourcecode.swift; path = SwiftEntryKitWrapper.swift; sourceTree = "<group>"; };
		EBCAFFC52BD36D0600F3DBFD /* UITableView+Ext.swift */ = {isa = PBXFileReference; lastKnownFileType = sourcecode.swift; path = "UITableView+Ext.swift"; sourceTree = "<group>"; };
		EBCBBDC62BE3C48C0034246A /* AvatarViewController.swift */ = {isa = PBXFileReference; lastKnownFileType = sourcecode.swift; path = AvatarViewController.swift; sourceTree = "<group>"; };
		EBCBBDC92BE3CCE50034246A /* AvatarCell.swift */ = {isa = PBXFileReference; lastKnownFileType = sourcecode.swift; path = AvatarCell.swift; sourceTree = "<group>"; };
		EBCBBDCA2BE3CCE50034246A /* AvatarCell.xib */ = {isa = PBXFileReference; lastKnownFileType = file.xib; path = AvatarCell.xib; sourceTree = "<group>"; };
		EBCC794E2BCA2CB90029B754 /* RecipeCell.swift */ = {isa = PBXFileReference; lastKnownFileType = sourcecode.swift; path = RecipeCell.swift; sourceTree = "<group>"; };
		EBCC79502BCA2CD50029B754 /* RecipeViewController.swift */ = {isa = PBXFileReference; lastKnownFileType = sourcecode.swift; path = RecipeViewController.swift; sourceTree = "<group>"; };
		EBCC79522BCA345A0029B754 /* Recipe.swift */ = {isa = PBXFileReference; lastKnownFileType = sourcecode.swift; path = Recipe.swift; sourceTree = "<group>"; };
		EBCC79542BCA5D920029B754 /* IngredientStatus.swift */ = {isa = PBXFileReference; lastKnownFileType = sourcecode.swift; path = IngredientStatus.swift; sourceTree = "<group>"; };
		EBCC79572BCA71BF0029B754 /* RecipeDetailViewController.swift */ = {isa = PBXFileReference; lastKnownFileType = sourcecode.swift; path = RecipeDetailViewController.swift; sourceTree = "<group>"; };
		EBCC795F2BCA73F00029B754 /* RecipeStepCell.swift */ = {isa = PBXFileReference; lastKnownFileType = sourcecode.swift; path = RecipeStepCell.swift; sourceTree = "<group>"; };
		EBEE25552BEF40F800B6401F /* MyFridgeViewModel.swift */ = {isa = PBXFileReference; lastKnownFileType = sourcecode.swift; path = MyFridgeViewModel.swift; sourceTree = "<group>"; };
		EBEE25572BEF609400B6401F /* AddFoodCardViewModel.swift */ = {isa = PBXFileReference; lastKnownFileType = sourcecode.swift; path = AddFoodCardViewModel.swift; sourceTree = "<group>"; };
		EBEE25592BEF62D500B6401F /* ErrorType.swift */ = {isa = PBXFileReference; lastKnownFileType = sourcecode.swift; path = ErrorType.swift; sourceTree = "<group>"; };
		EBEE255B2BEFBBA200B6401F /* ScanResultViewModel.swift */ = {isa = PBXFileReference; lastKnownFileType = sourcecode.swift; path = ScanResultViewModel.swift; sourceTree = "<group>"; };
		EBEE255F2BEFCE3B00B6401F /* ChartViewModel.swift */ = {isa = PBXFileReference; lastKnownFileType = sourcecode.swift; path = ChartViewModel.swift; sourceTree = "<group>"; };
		EBF199522BD75AC700594CCE /* UIView+Ext.swift */ = {isa = PBXFileReference; lastKnownFileType = sourcecode.swift; path = "UIView+Ext.swift"; sourceTree = "<group>"; };
		EBF199542BD768E400594CCE /* RecipeHeaderView.swift */ = {isa = PBXFileReference; lastKnownFileType = sourcecode.swift; path = RecipeHeaderView.swift; sourceTree = "<group>"; };
		EBF199562BD7691300594CCE /* RecipeHeaderView.xib */ = {isa = PBXFileReference; lastKnownFileType = file.xib; path = RecipeHeaderView.xib; sourceTree = "<group>"; };
		EBF199582BD791BF00594CCE /* RecongCell.xib */ = {isa = PBXFileReference; lastKnownFileType = file.xib; path = RecongCell.xib; sourceTree = "<group>"; };
		EBF1995A2BD7A05600594CCE /* NotRecongCell.xib */ = {isa = PBXFileReference; lastKnownFileType = file.xib; path = NotRecongCell.xib; sourceTree = "<group>"; };
		EBF484C82BD7530100B37580 /* RecipeInfoCell.swift */ = {isa = PBXFileReference; lastKnownFileType = sourcecode.swift; path = RecipeInfoCell.swift; sourceTree = "<group>"; };
		EBF484C92BD7530100B37580 /* RecipeInfoCell.xib */ = {isa = PBXFileReference; lastKnownFileType = file.xib; path = RecipeInfoCell.xib; sourceTree = "<group>"; };
		EBF88E2D2BC5703E00DEF2FA /* ReFridge.app */ = {isa = PBXFileReference; explicitFileType = wrapper.application; includeInIndex = 0; path = ReFridge.app; sourceTree = BUILT_PRODUCTS_DIR; };
		EBF88E302BC5703E00DEF2FA /* AppDelegate.swift */ = {isa = PBXFileReference; lastKnownFileType = sourcecode.swift; path = AppDelegate.swift; sourceTree = "<group>"; };
		EBF88E322BC5703E00DEF2FA /* SceneDelegate.swift */ = {isa = PBXFileReference; lastKnownFileType = sourcecode.swift; path = SceneDelegate.swift; sourceTree = "<group>"; };
		EBF88E342BC5703E00DEF2FA /* MyFridgeViewController.swift */ = {isa = PBXFileReference; lastKnownFileType = sourcecode.swift; path = MyFridgeViewController.swift; sourceTree = "<group>"; };
		EBF88E372BC5703E00DEF2FA /* Base */ = {isa = PBXFileReference; lastKnownFileType = file.storyboard; name = Base; path = Base.lproj/Main.storyboard; sourceTree = "<group>"; };
		EBF88E392BC5704200DEF2FA /* Assets.xcassets */ = {isa = PBXFileReference; lastKnownFileType = folder.assetcatalog; path = Assets.xcassets; sourceTree = "<group>"; };
		EBF88E3C2BC5704200DEF2FA /* Base */ = {isa = PBXFileReference; lastKnownFileType = file.storyboard; name = Base; path = Base.lproj/LaunchScreen.storyboard; sourceTree = "<group>"; };
		EBF88E3E2BC5704200DEF2FA /* Info.plist */ = {isa = PBXFileReference; lastKnownFileType = text.plist.xml; path = Info.plist; sourceTree = "<group>"; };
		EBFF62C12BC789380013F50F /* FirestoreManager.swift */ = {isa = PBXFileReference; lastKnownFileType = sourcecode.swift; path = FirestoreManager.swift; sourceTree = "<group>"; };
		EBFF62C32BC78FD40013F50F /* GoogleService-Info.plist */ = {isa = PBXFileReference; lastKnownFileType = text.plist; path = "GoogleService-Info.plist"; sourceTree = SOURCE_ROOT; };
		EBFF62CA2BC79D650013F50F /* FoodTypeCell.swift */ = {isa = PBXFileReference; lastKnownFileType = sourcecode.swift; path = FoodTypeCell.swift; sourceTree = "<group>"; };
		EBFF62CB2BC79D650013F50F /* FoodTypeCell.xib */ = {isa = PBXFileReference; lastKnownFileType = file.xib; path = FoodTypeCell.xib; sourceTree = "<group>"; };
		EBFF62CF2BC79F9E0013F50F /* UICollectionView+Ext.swift */ = {isa = PBXFileReference; lastKnownFileType = sourcecode.swift; path = "UICollectionView+Ext.swift"; sourceTree = "<group>"; };
		EBFF62D22BC7C9E10013F50F /* FoodCard.swift */ = {isa = PBXFileReference; lastKnownFileType = sourcecode.swift; path = FoodCard.swift; sourceTree = "<group>"; };
		EBFF62D42BC7CF7F0013F50F /* FoodType.swift */ = {isa = PBXFileReference; lastKnownFileType = sourcecode.swift; path = FoodType.swift; sourceTree = "<group>"; };
		EBFF62D62BC7E4750013F50F /* UIImage+Ext.swift */ = {isa = PBXFileReference; lastKnownFileType = sourcecode.swift; path = "UIImage+Ext.swift"; sourceTree = "<group>"; };
		EBFF62DB2BC8197A0013F50F /* FoodCardCell.swift */ = {isa = PBXFileReference; lastKnownFileType = sourcecode.swift; path = FoodCardCell.swift; sourceTree = "<group>"; };
		EBFF62DC2BC8197A0013F50F /* FoodCardCell.xib */ = {isa = PBXFileReference; lastKnownFileType = file.xib; path = FoodCardCell.xib; sourceTree = "<group>"; };
		EBFF62DF2BC8565E0013F50F /* Date+Ext.swift */ = {isa = PBXFileReference; lastKnownFileType = sourcecode.swift; path = "Date+Ext.swift"; sourceTree = "<group>"; };
/* End PBXFileReference section */

/* Begin PBXFrameworksBuildPhase section */
		EBF88E2A2BC5703E00DEF2FA /* Frameworks */ = {
			isa = PBXFrameworksBuildPhase;
			buildActionMask = 2147483647;
			files = (
				09D5F1CE52AAFB32B8B79417 /* Pods_ReFridge.framework in Frameworks */,
				EBAC18932BCA22F0002BB6E7 /* FirebaseAuth in Frameworks */,
				EBA806D72BEB8BD3001F9A8C /* FirebaseAnalytics in Frameworks */,
				EBA806D42BEB8074001F9A8C /* FirebaseCrashlytics in Frameworks */,
				EBA806D92BEB8DBB001F9A8C /* FirebaseAnalyticsSwift in Frameworks */,
				EBAF18F52BE639D900442BA0 /* OpenAI in Frameworks */,
				EBAC18952BCA22F0002BB6E7 /* FirebaseFirestore in Frameworks */,
				EBA194552BEBA77600CFEBAC /* FirebaseFirestoreSwift in Frameworks */,
			);
			runOnlyForDeploymentPostprocessing = 0;
		};
/* End PBXFrameworksBuildPhase section */

/* Begin PBXGroup section */
		22D9E3801F9236079ED991B8 /* Pods */ = {
			isa = PBXGroup;
			children = (
				2A2A3BE874E2D79E74386116 /* Pods-ReFridge.debug.xcconfig */,
				CB7EF03CBFBE351CEBCF8C77 /* Pods-ReFridge.release.xcconfig */,
			);
			path = Pods;
			sourceTree = "<group>";
		};
		8C0B61C3021579B8CC73B909 /* Frameworks */ = {
			isa = PBXGroup;
			children = (
				7BF189C45662E7553E5D97B2 /* Pods_ReFridge.framework */,
			);
			name = Frameworks;
			sourceTree = "<group>";
		};
		EB0DD7B32BD63935002147CC /* RecipeGalleryView */ = {
			isa = PBXGroup;
			children = (
				EB0DD7B12BD637BC002147CC /* RecipeGalleryView.swift */,
				EB0DD7B42BD63D21002147CC /* GalleryCell.swift */,
			);
			path = RecipeGalleryView;
			sourceTree = "<group>";
		};
		EB0DD7B62BD64C79002147CC /* ThirdPartyWrappers */ = {
			isa = PBXGroup;
			children = (
				EB0DD7B72BD64CA2002147CC /* KingFisherWrapper.swift */,
				EBC154BC2BDE3EB700F9AFF8 /* SwiftEntryKitWrapper.swift */,
			);
			path = ThirdPartyWrappers;
			sourceTree = "<group>";
		};
		EB1106412BF108680002E841 /* Recipe */ = {
			isa = PBXGroup;
			children = (
				EB1106422BF108830002E841 /* RecipeViewModel.swift */,
				EB5FB70D2BF5BD3A00B0F976 /* RecipeDetailViewModel.swift */,
			);
			path = Recipe;
			sourceTree = "<group>";
		};
		EB425BDC2BD0DE8C000C75A6 /* Chart */ = {
			isa = PBXGroup;
			children = (
				EB425BDD2BD0DEF8000C75A6 /* ChartViewController.swift */,
				EBC154B82BDCE03600F9AFF8 /* ProfileHeaderView.swift */,
				EB425BE12BD12FDA000C75A6 /* PieChartView.swift */,
				EB425BE32BD1354D000C75A6 /* BarChartView.swift */,
			);
			path = Chart;
			sourceTree = "<group>";
		};
		EB493AF32BD35E50006204D8 /* CardCells */ = {
			isa = PBXGroup;
			children = (
				EB493AF42BD35EA2006204D8 /* CardTypeCell.swift */,
				EB493AF52BD35EA2006204D8 /* CardTypeCell.xib */,
				EB493AF82BD363A1006204D8 /* CardInfoCell.swift */,
				EB493AF92BD363A1006204D8 /* CardInfoCell.xib */,
			);
			path = CardCells;
			sourceTree = "<group>";
		};
		EB65EA052BE1559400FB9EF7 /* Login */ = {
			isa = PBXGroup;
			children = (
				EBCBBDC82BE3CCBF0034246A /* AvatarCell */,
				EB65EA062BE155A700FB9EF7 /* LoginViewController.swift */,
				EBCBBDC62BE3C48C0034246A /* AvatarViewController.swift */,
			);
			path = Login;
			sourceTree = "<group>";
		};
		EB84D43D2BD29A6E008E274C /* TypeImageCell */ = {
			isa = PBXGroup;
			children = (
				EB84D43E2BD29AA7008E274C /* TypeImageCell.swift */,
				EB84D43F2BD29AA7008E274C /* TypeImageCell.xib */,
				EB54F55B2BF23CE200EAC7C5 /* TypeImageHeaderView.swift */,
			);
			path = TypeImageCell;
			sourceTree = "<group>";
		};
		EB88937E2BCAE79F00189B7C /* ShoppingList */ = {
			isa = PBXGroup;
			children = (
				EB88937F2BCAE7CD00189B7C /* ShoppingListViewController.swift */,
				EB2F0C642BCB74AB00FFBED5 /* AddItemViewController.swift */,
				EBB9714E2BD5084A00F5D1DB /* ShoppingListCell */,
				EBB971492BD4FB9300F5D1DB /* ItemInfoCell */,
			);
			path = ShoppingList;
			sourceTree = "<group>";
		};
		EB9B2C4B2BC954C3004CB435 /* Base */ = {
			isa = PBXGroup;
			children = (
				EB9B2C4C2BC954D5004CB435 /* FoodTypeViewController */,
				EB9A59592BE8FB4000CF5324 /* BaseViewController.swift */,
			);
			path = Base;
			sourceTree = "<group>";
		};
		EB9B2C4C2BC954D5004CB435 /* FoodTypeViewController */ = {
			isa = PBXGroup;
			children = (
				EBAC188F2BC98325002BB6E7 /* FoodTypeViewController.swift */,
				EB84D43B2BD2862A008E274C /* AddFoodTypeViewController.swift */,
				EB84D43D2BD29A6E008E274C /* TypeImageCell */,
				EBFF62C92BC79D110013F50F /* FoodTypeCell */,
			);
			path = FoodTypeViewController;
			sourceTree = "<group>";
		};
		EBAD131E2BCCF6ED00F40A71 /* ScanCells */ = {
			isa = PBXGroup;
			children = (
				EBAD131F2BCCF75000F40A71 /* RecongCell.swift */,
				EBF199582BD791BF00594CCE /* RecongCell.xib */,
				EBAD13212BCCF78200F40A71 /* NotRecongCell.swift */,
				EBF1995A2BD7A05600594CCE /* NotRecongCell.xib */,
			);
			path = ScanCells;
			sourceTree = "<group>";
		};
		EBAF18F62BE733DA00442BA0 /* Secrets */ = {
			isa = PBXGroup;
			children = (
				EBAF18F72BE733EF00442BA0 /* Secrets.swift */,
			);
			path = Secrets;
			sourceTree = "<group>";
		};
		EBAF18FD2BE7711700442BA0 /* Fonts */ = {
			isa = PBXGroup;
			children = (
				EBAF18FE2BE7713C00442BA0 /* NothingYouCouldDo-Regular.ttf */,
			);
			path = Fonts;
			sourceTree = "<group>";
		};
		EBB3E4F32BF7225600465B57 /* ShoppingList */ = {
			isa = PBXGroup;
			children = (
				EBB3E4F42BF7228500465B57 /* ShoppingListViewModel.swift */,
			);
			path = ShoppingList;
			sourceTree = "<group>";
		};
		EBB971492BD4FB9300F5D1DB /* ItemInfoCell */ = {
			isa = PBXGroup;
			children = (
				EBB9714A2BD4FBF000F5D1DB /* ItemInfoCell.swift */,
				EBB9714B2BD4FBF000F5D1DB /* ItemInfoCell.xib */,
			);
			path = ItemInfoCell;
			sourceTree = "<group>";
		};
		EBB9714E2BD5084A00F5D1DB /* ShoppingListCell */ = {
			isa = PBXGroup;
			children = (
				EBB9714F2BD5088200F5D1DB /* ShoppingListCell.swift */,
				EBB971502BD5088200F5D1DB /* ShoppingListCell.xib */,
			);
			path = ShoppingListCell;
			sourceTree = "<group>";
		};
		EBCBBDC82BE3CCBF0034246A /* AvatarCell */ = {
			isa = PBXGroup;
			children = (
				EBCBBDC92BE3CCE50034246A /* AvatarCell.swift */,
				EBCBBDCA2BE3CCE50034246A /* AvatarCell.xib */,
			);
			path = AvatarCell;
			sourceTree = "<group>";
		};
		EBCC794D2BCA2C950029B754 /* Recipe */ = {
			isa = PBXGroup;
			children = (
				EBCC79502BCA2CD50029B754 /* RecipeViewController.swift */,
				EBCC79572BCA71BF0029B754 /* RecipeDetailViewController.swift */,
				EBCC794E2BCA2CB90029B754 /* RecipeCell.swift */,
				EB0DD7B32BD63935002147CC /* RecipeGalleryView */,
				EBCC79562BCA71960029B754 /* RecipeDetailCells */,
			);
			path = Recipe;
			sourceTree = "<group>";
		};
		EBCC79562BCA71960029B754 /* RecipeDetailCells */ = {
			isa = PBXGroup;
			children = (
				EBF484C82BD7530100B37580 /* RecipeInfoCell.swift */,
				EBF484C92BD7530100B37580 /* RecipeInfoCell.xib */,
				EB0DD7B92BD6695E002147CC /* RecipeIngredientCell.swift */,
				EB0DD7BA2BD6695E002147CC /* RecipeIngredientCell.xib */,
				EB0DD7BD2BD679AF002147CC /* RecipeHintLabelCell.swift */,
				EB0DD7BE2BD679AF002147CC /* RecipeHintLabelCell.xib */,
				EBCC795F2BCA73F00029B754 /* RecipeStepCell.swift */,
				EB0DD7C12BD6B312002147CC /* RecipeStepCell.xib */,
				EBF199542BD768E400594CCE /* RecipeHeaderView.swift */,
				EBF199562BD7691300594CCE /* RecipeHeaderView.xib */,
				EB1698C52BDB632C00B972D0 /* RecipeButtonCell.swift */,
				EB1698C62BDB632C00B972D0 /* RecipeButtonCell.xib */,
			);
			path = RecipeDetailCells;
			sourceTree = "<group>";
		};
		EBEE25522BEF404D00B6401F /* Resources */ = {
			isa = PBXGroup;
			children = (
				EBAF18FD2BE7711700442BA0 /* Fonts */,
			);
			path = Resources;
			sourceTree = "<group>";
		};
		EBEE25532BEF409300B6401F /* View Models */ = {
			isa = PBXGroup;
			children = (
				EBEE25542BEF40E400B6401F /* MyFridge */,
				EB1106412BF108680002E841 /* Recipe */,
				EBB3E4F32BF7225600465B57 /* ShoppingList */,
				EBEE255D2BEFCE1200B6401F /* Chart */,
			);
			path = "View Models";
			sourceTree = "<group>";
		};
		EBEE25542BEF40E400B6401F /* MyFridge */ = {
			isa = PBXGroup;
			children = (
				EBEE25552BEF40F800B6401F /* MyFridgeViewModel.swift */,
				EBEE25572BEF609400B6401F /* AddFoodCardViewModel.swift */,
				EBEE255B2BEFBBA200B6401F /* ScanResultViewModel.swift */,
			);
			path = MyFridge;
			sourceTree = "<group>";
		};
		EBEE255D2BEFCE1200B6401F /* Chart */ = {
			isa = PBXGroup;
			children = (
				EBEE255F2BEFCE3B00B6401F /* ChartViewModel.swift */,
			);
			path = Chart;
			sourceTree = "<group>";
		};
		EBF88E242BC5703E00DEF2FA = {
			isa = PBXGroup;
			children = (
				EBF88E2F2BC5703E00DEF2FA /* ReFridge */,
				EBF88E2E2BC5703E00DEF2FA /* Products */,
				22D9E3801F9236079ED991B8 /* Pods */,
				8C0B61C3021579B8CC73B909 /* Frameworks */,
			);
			sourceTree = "<group>";
		};
		EBF88E2E2BC5703E00DEF2FA /* Products */ = {
			isa = PBXGroup;
			children = (
				EBF88E2D2BC5703E00DEF2FA /* ReFridge.app */,
			);
			name = Products;
			sourceTree = "<group>";
		};
		EBF88E2F2BC5703E00DEF2FA /* ReFridge */ = {
			isa = PBXGroup;
			children = (
				EB5A31282BDF8C230002DFE6 /* ReFridge.entitlements */,
				EB0DD7B62BD64C79002147CC /* ThirdPartyWrappers */,
				EBFF62CE2BC79F820013F50F /* Extension */,
				EBFF62C52BC797DA0013F50F /* Views */,
				EBEE25532BEF409300B6401F /* View Models */,
				EBFF62D12BC7C9C60013F50F /* Models */,
				EBFF62C02BC787DC0013F50F /* Managers */,
				EBAF18F62BE733DA00442BA0 /* Secrets */,
				EBEE25522BEF404D00B6401F /* Resources */,
				EBF88E302BC5703E00DEF2FA /* AppDelegate.swift */,
				EBF88E322BC5703E00DEF2FA /* SceneDelegate.swift */,
				EBF88E392BC5704200DEF2FA /* Assets.xcassets */,
				EBF88E3B2BC5704200DEF2FA /* LaunchScreen.storyboard */,
				EBFF62C32BC78FD40013F50F /* GoogleService-Info.plist */,
				EBF88E3E2BC5704200DEF2FA /* Info.plist */,
			);
			path = ReFridge;
			sourceTree = "<group>";
		};
		EBFF62C02BC787DC0013F50F /* Managers */ = {
			isa = PBXGroup;
			children = (
				EBFF62C12BC789380013F50F /* FirestoreManager.swift */,
				EB2F0C662BCB7C3700FFBED5 /* FormatterManager.swift */,
				EBAD131C2BCCDEB000F40A71 /* TextScanManager.swift */,
				EB1698CC2BDB893300B972D0 /* EmptyDataManager.swift */,
				EBC154BA2BDD17B300F9AFF8 /* RefresherManager.swift */,
				EB5A31292BDFAE7E0002DFE6 /* AccountManager.swift */,
				EBAF18F12BE6354000442BA0 /* OpenAIManager.swift */,
			);
			path = Managers;
			sourceTree = "<group>";
		};
		EBFF62C52BC797DA0013F50F /* Views */ = {
			isa = PBXGroup;
			children = (
				EB65EA012BE14D8600FB9EF7 /* Login.storyboard */,
				EBF88E362BC5703E00DEF2FA /* Main.storyboard */,
				EB9B2C4B2BC954C3004CB435 /* Base */,
				EBFF62C82BC79CDA0013F50F /* MyFridge */,
				EBCC794D2BCA2C950029B754 /* Recipe */,
				EB88937E2BCAE79F00189B7C /* ShoppingList */,
				EB425BDC2BD0DE8C000C75A6 /* Chart */,
				EB65EA052BE1559400FB9EF7 /* Login */,
			);
			path = Views;
			sourceTree = "<group>";
		};
		EBFF62C82BC79CDA0013F50F /* MyFridge */ = {
			isa = PBXGroup;
			children = (
				EBF88E342BC5703E00DEF2FA /* MyFridgeViewController.swift */,
				EB493AF12BD35E41006204D8 /* AddFoodCardViewController.swift */,
				EBAD13232BCCF7A800F40A71 /* ScanResultViewController.swift */,
				EBFF62DA2BC819470013F50F /* FoodCardCell */,
				EB493AF32BD35E50006204D8 /* CardCells */,
				EBAD131E2BCCF6ED00F40A71 /* ScanCells */,
			);
			path = MyFridge;
			sourceTree = "<group>";
		};
		EBFF62C92BC79D110013F50F /* FoodTypeCell */ = {
			isa = PBXGroup;
			children = (
				EBFF62CA2BC79D650013F50F /* FoodTypeCell.swift */,
				EBFF62CB2BC79D650013F50F /* FoodTypeCell.xib */,
			);
			path = FoodTypeCell;
			sourceTree = "<group>";
		};
		EBFF62CE2BC79F820013F50F /* Extension */ = {
			isa = PBXGroup;
			children = (
				EBFF62CF2BC79F9E0013F50F /* UICollectionView+Ext.swift */,
				EBCAFFC52BD36D0600F3DBFD /* UITableView+Ext.swift */,
				EBFF62D62BC7E4750013F50F /* UIImage+Ext.swift */,
				EBFF62DF2BC8565E0013F50F /* Date+Ext.swift */,
				EB2F1D8C2BCE1C58000C9295 /* Double+Ext.swift */,
				EB425BDF2BD0F873000C75A6 /* UIColor+Ext.swift */,
				EBF199522BD75AC700594CCE /* UIView+Ext.swift */,
			);
			path = Extension;
			sourceTree = "<group>";
		};
		EBFF62D12BC7C9C60013F50F /* Models */ = {
			isa = PBXGroup;
			children = (
				EBFF62D22BC7C9E10013F50F /* FoodCard.swift */,
				EBFF62D42BC7CF7F0013F50F /* FoodType.swift */,
				EBCC79522BCA345A0029B754 /* Recipe.swift */,
				EBCC79542BCA5D920029B754 /* IngredientStatus.swift */,
				EB88937C2BCADFE600189B7C /* ListItem.swift */,
				EBAD13252BCCFDCB00F40A71 /* ScanTextItem.swift */,
				EB425BDA2BCF7D74000C75A6 /* Filter.swift */,
				EB425BE52BD145DD000C75A6 /* ChartCounts.swift */,
				EB84D4392BD24661008E274C /* Scores.swift */,
				EBB971472BD4F2EC00F5D1DB /* MesureWord.swift */,
				EB65E9DC2BE0D8E200FB9EF7 /* UserInfo.swift */,
				EBEE25592BEF62D500B6401F /* ErrorType.swift */,
			);
			path = Models;
			sourceTree = "<group>";
		};
		EBFF62DA2BC819470013F50F /* FoodCardCell */ = {
			isa = PBXGroup;
			children = (
				EBFF62DB2BC8197A0013F50F /* FoodCardCell.swift */,
				EBFF62DC2BC8197A0013F50F /* FoodCardCell.xib */,
			);
			path = FoodCardCell;
			sourceTree = "<group>";
		};
/* End PBXGroup section */

/* Begin PBXNativeTarget section */
		EBF88E2C2BC5703E00DEF2FA /* ReFridge */ = {
			isa = PBXNativeTarget;
			buildConfigurationList = EBF88E412BC5704200DEF2FA /* Build configuration list for PBXNativeTarget "ReFridge" */;
			buildPhases = (
				D3B346630223F0C1D098D33D /* [CP] Check Pods Manifest.lock */,
				EBF88E292BC5703E00DEF2FA /* Sources */,
				EBF88E2A2BC5703E00DEF2FA /* Frameworks */,
				EBF88E2B2BC5703E00DEF2FA /* Resources */,
				EB9F9F302BC6B1C800C5CF76 /* ShellScript */,
				5F68ED975023633E62A1ADE2 /* [CP] Embed Pods Frameworks */,
				EBA806D52BEB814D001F9A8C /* ShellScript */,
			);
			buildRules = (
			);
			dependencies = (
			);
			name = ReFridge;
			packageProductDependencies = (
				EBAC18922BCA22F0002BB6E7 /* FirebaseAuth */,
				EBAC18942BCA22F0002BB6E7 /* FirebaseFirestore */,
				EBAF18F42BE639D900442BA0 /* OpenAI */,
				EBA806D32BEB8074001F9A8C /* FirebaseCrashlytics */,
				EBA806D62BEB8BD3001F9A8C /* FirebaseAnalytics */,
				EBA806D82BEB8DBB001F9A8C /* FirebaseAnalyticsSwift */,
				EBA194542BEBA77600CFEBAC /* FirebaseFirestoreSwift */,
			);
			productName = ReFridge;
			productReference = EBF88E2D2BC5703E00DEF2FA /* ReFridge.app */;
			productType = "com.apple.product-type.application";
		};
/* End PBXNativeTarget section */

/* Begin PBXProject section */
		EBF88E252BC5703E00DEF2FA /* Project object */ = {
			isa = PBXProject;
			attributes = {
				BuildIndependentTargetsInParallel = 1;
				LastSwiftUpdateCheck = 1520;
				LastUpgradeCheck = 1520;
				TargetAttributes = {
					EBF88E2C2BC5703E00DEF2FA = {
						CreatedOnToolsVersion = 15.2;
					};
				};
			};
			buildConfigurationList = EBF88E282BC5703E00DEF2FA /* Build configuration list for PBXProject "ReFridge" */;
			compatibilityVersion = "Xcode 14.0";
			developmentRegion = en;
			hasScannedForEncodings = 0;
			knownRegions = (
				en,
				Base,
			);
			mainGroup = EBF88E242BC5703E00DEF2FA;
			packageReferences = (
				EBAC18912BCA21FA002BB6E7 /* XCRemoteSwiftPackageReference "firebase-ios-sdk" */,
				EBAF18F32BE639D900442BA0 /* XCRemoteSwiftPackageReference "OpenAI" */,
			);
			productRefGroup = EBF88E2E2BC5703E00DEF2FA /* Products */;
			projectDirPath = "";
			projectRoot = "";
			targets = (
				EBF88E2C2BC5703E00DEF2FA /* ReFridge */,
			);
		};
/* End PBXProject section */

/* Begin PBXResourcesBuildPhase section */
		EBF88E2B2BC5703E00DEF2FA /* Resources */ = {
			isa = PBXResourcesBuildPhase;
			buildActionMask = 2147483647;
			files = (
				EBF88E3D2BC5704200DEF2FA /* LaunchScreen.storyboard in Resources */,
				EBF199572BD7691300594CCE /* RecipeHeaderView.xib in Resources */,
				EB0DD7C22BD6B312002147CC /* RecipeStepCell.xib in Resources */,
				EBF1995B2BD7A05600594CCE /* NotRecongCell.xib in Resources */,
				EBFF62C42BC78FD50013F50F /* GoogleService-Info.plist in Resources */,
				EBF88E3A2BC5704200DEF2FA /* Assets.xcassets in Resources */,
				EBF199592BD791BF00594CCE /* RecongCell.xib in Resources */,
				EBCBBDCC2BE3CCE50034246A /* AvatarCell.xib in Resources */,
				EBAF18FF2BE7713C00442BA0 /* NothingYouCouldDo-Regular.ttf in Resources */,
				EB84D4412BD29AA7008E274C /* TypeImageCell.xib in Resources */,
				EB65EA022BE14D8600FB9EF7 /* Login.storyboard in Resources */,
				EBB9714D2BD4FBF000F5D1DB /* ItemInfoCell.xib in Resources */,
				EBFF62DE2BC8197A0013F50F /* FoodCardCell.xib in Resources */,
				EB493AF72BD35EA2006204D8 /* CardTypeCell.xib in Resources */,
				EB1698C82BDB632C00B972D0 /* RecipeButtonCell.xib in Resources */,
				EBF484CB2BD7530100B37580 /* RecipeInfoCell.xib in Resources */,
				EB493AFB2BD363A1006204D8 /* CardInfoCell.xib in Resources */,
				EBB971522BD5088200F5D1DB /* ShoppingListCell.xib in Resources */,
				EB0DD7C02BD679AF002147CC /* RecipeHintLabelCell.xib in Resources */,
				EBF88E382BC5703E00DEF2FA /* Main.storyboard in Resources */,
				EB0DD7BC2BD6695E002147CC /* RecipeIngredientCell.xib in Resources */,
				EBFF62CD2BC79D650013F50F /* FoodTypeCell.xib in Resources */,
			);
			runOnlyForDeploymentPostprocessing = 0;
		};
/* End PBXResourcesBuildPhase section */

/* Begin PBXShellScriptBuildPhase section */
		5F68ED975023633E62A1ADE2 /* [CP] Embed Pods Frameworks */ = {
			isa = PBXShellScriptBuildPhase;
			buildActionMask = 2147483647;
			files = (
			);
			inputFileListPaths = (
				"${PODS_ROOT}/Target Support Files/Pods-ReFridge/Pods-ReFridge-frameworks-${CONFIGURATION}-input-files.xcfilelist",
			);
			name = "[CP] Embed Pods Frameworks";
			outputFileListPaths = (
				"${PODS_ROOT}/Target Support Files/Pods-ReFridge/Pods-ReFridge-frameworks-${CONFIGURATION}-output-files.xcfilelist",
			);
			runOnlyForDeploymentPostprocessing = 0;
			shellPath = /bin/sh;
			shellScript = "\"${PODS_ROOT}/Target Support Files/Pods-ReFridge/Pods-ReFridge-frameworks.sh\"\n";
			showEnvVarsInLog = 0;
		};
		D3B346630223F0C1D098D33D /* [CP] Check Pods Manifest.lock */ = {
			isa = PBXShellScriptBuildPhase;
			buildActionMask = 2147483647;
			files = (
			);
			inputFileListPaths = (
			);
			inputPaths = (
				"${PODS_PODFILE_DIR_PATH}/Podfile.lock",
				"${PODS_ROOT}/Manifest.lock",
			);
			name = "[CP] Check Pods Manifest.lock";
			outputFileListPaths = (
			);
			outputPaths = (
				"$(DERIVED_FILE_DIR)/Pods-ReFridge-checkManifestLockResult.txt",
			);
			runOnlyForDeploymentPostprocessing = 0;
			shellPath = /bin/sh;
			shellScript = "diff \"${PODS_PODFILE_DIR_PATH}/Podfile.lock\" \"${PODS_ROOT}/Manifest.lock\" > /dev/null\nif [ $? != 0 ] ; then\n    # print error to STDERR\n    echo \"error: The sandbox is not in sync with the Podfile.lock. Run 'pod install' or update your CocoaPods installation.\" >&2\n    exit 1\nfi\n# This output is used by Xcode 'outputs' to avoid re-running this script phase.\necho \"SUCCESS\" > \"${SCRIPT_OUTPUT_FILE_0}\"\n";
			showEnvVarsInLog = 0;
		};
		EB9F9F302BC6B1C800C5CF76 /* ShellScript */ = {
			isa = PBXShellScriptBuildPhase;
			buildActionMask = 12;
			files = (
			);
			inputFileListPaths = (
			);
			inputPaths = (
			);
			outputFileListPaths = (
			);
			outputPaths = (
			);
			runOnlyForDeploymentPostprocessing = 0;
			shellPath = /bin/sh;
			shellScript = "# Type a script or drag a script file from your workspace to insert its path.\n\n\"${PODS_ROOT}/SwiftLint/swiftlint\"\n";
		};
		EBA806D52BEB814D001F9A8C /* ShellScript */ = {
			isa = PBXShellScriptBuildPhase;
			buildActionMask = 2147483647;
			files = (
			);
			inputFileListPaths = (
			);
			inputPaths = (
				"${DWARF_DSYM_FOLDER_PATH}/${DWARF_DSYM_FILE_NAME}",
				"${DWARF_DSYM_FOLDER_PATH}/${DWARF_DSYM_FILE_NAME}/Contents/Resources/DWARF/${PRODUCT_NAME}",
				"${DWARF_DSYM_FOLDER_PATH}/${DWARF_DSYM_FILE_NAME}/Contents/Info.plist",
				"$(TARGET_BUILD_DIR)/$(UNLOCALIZED_RESOURCES_FOLDER_PATH)/GoogleService-Info.plist",
				"$(TARGET_BUILD_DIR)/$(EXECUTABLE_PATH)",
			);
			outputFileListPaths = (
			);
			outputPaths = (
			);
			runOnlyForDeploymentPostprocessing = 0;
			shellPath = /bin/sh;
			shellScript = "# Type a script or drag a script file from your workspace to insert its path.\n\"${BUILD_DIR%/Build/*}/SourcePackages/checkouts/firebase-ios-sdk/Crashlytics/run\"\n";
		};
/* End PBXShellScriptBuildPhase section */

/* Begin PBXSourcesBuildPhase section */
		EBF88E292BC5703E00DEF2FA /* Sources */ = {
			isa = PBXSourcesBuildPhase;
			buildActionMask = 2147483647;
			files = (
				EBF88E352BC5703E00DEF2FA /* MyFridgeViewController.swift in Sources */,
				EB425BE42BD1354D000C75A6 /* BarChartView.swift in Sources */,
				EBEE25602BEFCE3B00B6401F /* ChartViewModel.swift in Sources */,
				EBC154B92BDCE03600F9AFF8 /* ProfileHeaderView.swift in Sources */,
				EB88937D2BCADFE600189B7C /* ListItem.swift in Sources */,
				EBAF18F22BE6354000442BA0 /* OpenAIManager.swift in Sources */,
				EBF484CA2BD7530100B37580 /* RecipeInfoCell.swift in Sources */,
				EBF199532BD75AC700594CCE /* UIView+Ext.swift in Sources */,
				EBAD13242BCCF7A800F40A71 /* ScanResultViewController.swift in Sources */,
				EB5FB70E2BF5BD3A00B0F976 /* RecipeDetailViewModel.swift in Sources */,
				EB493AF22BD35E41006204D8 /* AddFoodCardViewController.swift in Sources */,
				EBAF18F82BE733EF00442BA0 /* Secrets.swift in Sources */,
				EBF88E312BC5703E00DEF2FA /* AppDelegate.swift in Sources */,
				EBEE25562BEF40F800B6401F /* MyFridgeViewModel.swift in Sources */,
				EBFF62E02BC8565E0013F50F /* Date+Ext.swift in Sources */,
				EBC154BB2BDD17B300F9AFF8 /* RefresherManager.swift in Sources */,
				EB65E9DD2BE0D8E200FB9EF7 /* UserInfo.swift in Sources */,
				EBF199552BD768E400594CCE /* RecipeHeaderView.swift in Sources */,
				EBEE25582BEF609400B6401F /* AddFoodCardViewModel.swift in Sources */,
				EBCC794F2BCA2CB90029B754 /* RecipeCell.swift in Sources */,
				EB2F0C652BCB74AB00FFBED5 /* AddItemViewController.swift in Sources */,
				EB2F0C672BCB7C3700FFBED5 /* FormatterManager.swift in Sources */,
				EBF88E332BC5703E00DEF2FA /* SceneDelegate.swift in Sources */,
				EB425BDB2BCF7D74000C75A6 /* Filter.swift in Sources */,
				EB0DD7BB2BD6695E002147CC /* RecipeIngredientCell.swift in Sources */,
				EBAD13202BCCF75000F40A71 /* RecongCell.swift in Sources */,
				EB9A595A2BE8FB4000CF5324 /* BaseViewController.swift in Sources */,
				EB1106432BF108830002E841 /* RecipeViewModel.swift in Sources */,
				EB54F55C2BF23CE200EAC7C5 /* TypeImageHeaderView.swift in Sources */,
				EBFF62D32BC7C9E10013F50F /* FoodCard.swift in Sources */,
				EB84D43C2BD2862A008E274C /* AddFoodTypeViewController.swift in Sources */,
				EBFF62D72BC7E4750013F50F /* UIImage+Ext.swift in Sources */,
				EB65EA072BE155A700FB9EF7 /* LoginViewController.swift in Sources */,
				EBFF62D02BC79F9E0013F50F /* UICollectionView+Ext.swift in Sources */,
				EBAD13262BCCFDCB00F40A71 /* ScanTextItem.swift in Sources */,
				EB0DD7BF2BD679AF002147CC /* RecipeHintLabelCell.swift in Sources */,
				EBFF62DD2BC8197A0013F50F /* FoodCardCell.swift in Sources */,
				EBCC79582BCA71BF0029B754 /* RecipeDetailViewController.swift in Sources */,
				EBEE255A2BEF62D500B6401F /* ErrorType.swift in Sources */,
				EBAD13222BCCF78200F40A71 /* NotRecongCell.swift in Sources */,
				EBCAFFC62BD36D0600F3DBFD /* UITableView+Ext.swift in Sources */,
				EBFF62C22BC789380013F50F /* FirestoreManager.swift in Sources */,
				EB84D43A2BD24661008E274C /* Scores.swift in Sources */,
				EB0DD7B82BD64CA2002147CC /* KingFisherWrapper.swift in Sources */,
				EBFF62D52BC7CF7F0013F50F /* FoodType.swift in Sources */,
				EBC154BD2BDE3EB700F9AFF8 /* SwiftEntryKitWrapper.swift in Sources */,
				EBB3E4F52BF7228500465B57 /* ShoppingListViewModel.swift in Sources */,
				EBCBBDCB2BE3CCE50034246A /* AvatarCell.swift in Sources */,
				EBB971482BD4F2EC00F5D1DB /* MesureWord.swift in Sources */,
				EB425BE62BD145DD000C75A6 /* ChartCounts.swift in Sources */,
				EBCC79552BCA5D920029B754 /* IngredientStatus.swift in Sources */,
				EBAC18902BC98325002BB6E7 /* FoodTypeViewController.swift in Sources */,
				EBCBBDC72BE3C48C0034246A /* AvatarViewController.swift in Sources */,
				EB425BE22BD12FDA000C75A6 /* PieChartView.swift in Sources */,
				EBEE255C2BEFBBA200B6401F /* ScanResultViewModel.swift in Sources */,
				EBFF62CC2BC79D650013F50F /* FoodTypeCell.swift in Sources */,
				EB84D4402BD29AA7008E274C /* TypeImageCell.swift in Sources */,
				EBCC79512BCA2CD50029B754 /* RecipeViewController.swift in Sources */,
				EBB9714C2BD4FBF000F5D1DB /* ItemInfoCell.swift in Sources */,
				EB2F1D8D2BCE1C58000C9295 /* Double+Ext.swift in Sources */,
				EB5A312A2BDFAE7E0002DFE6 /* AccountManager.swift in Sources */,
				EB1698C72BDB632C00B972D0 /* RecipeButtonCell.swift in Sources */,
				EBCC79532BCA345A0029B754 /* Recipe.swift in Sources */,
				EB0DD7B22BD637BC002147CC /* RecipeGalleryView.swift in Sources */,
				EB8893802BCAE7CD00189B7C /* ShoppingListViewController.swift in Sources */,
				EB493AF62BD35EA2006204D8 /* CardTypeCell.swift in Sources */,
				EBAD131D2BCCDEB000F40A71 /* TextScanManager.swift in Sources */,
				EBB971512BD5088200F5D1DB /* ShoppingListCell.swift in Sources */,
				EB0DD7B52BD63D21002147CC /* GalleryCell.swift in Sources */,
				EB425BE02BD0F873000C75A6 /* UIColor+Ext.swift in Sources */,
				EBCC79602BCA73F00029B754 /* RecipeStepCell.swift in Sources */,
				EB1698CD2BDB893300B972D0 /* EmptyDataManager.swift in Sources */,
				EB493AFA2BD363A1006204D8 /* CardInfoCell.swift in Sources */,
				EB425BDE2BD0DEF8000C75A6 /* ChartViewController.swift in Sources */,
			);
			runOnlyForDeploymentPostprocessing = 0;
		};
/* End PBXSourcesBuildPhase section */

/* Begin PBXVariantGroup section */
		EBF88E362BC5703E00DEF2FA /* Main.storyboard */ = {
			isa = PBXVariantGroup;
			children = (
				EBF88E372BC5703E00DEF2FA /* Base */,
			);
			name = Main.storyboard;
			sourceTree = "<group>";
		};
		EBF88E3B2BC5704200DEF2FA /* LaunchScreen.storyboard */ = {
			isa = PBXVariantGroup;
			children = (
				EBF88E3C2BC5704200DEF2FA /* Base */,
			);
			name = LaunchScreen.storyboard;
			sourceTree = "<group>";
		};
/* End PBXVariantGroup section */

/* Begin XCBuildConfiguration section */
		EBF88E3F2BC5704200DEF2FA /* Debug */ = {
			isa = XCBuildConfiguration;
			buildSettings = {
				ALWAYS_SEARCH_USER_PATHS = NO;
				ASSETCATALOG_COMPILER_GENERATE_SWIFT_ASSET_SYMBOL_EXTENSIONS = YES;
				CLANG_ANALYZER_NONNULL = YES;
				CLANG_ANALYZER_NUMBER_OBJECT_CONVERSION = YES_AGGRESSIVE;
				CLANG_CXX_LANGUAGE_STANDARD = "gnu++20";
				CLANG_ENABLE_MODULES = YES;
				CLANG_ENABLE_OBJC_ARC = YES;
				CLANG_ENABLE_OBJC_WEAK = YES;
				CLANG_WARN_BLOCK_CAPTURE_AUTORELEASING = YES;
				CLANG_WARN_BOOL_CONVERSION = YES;
				CLANG_WARN_COMMA = YES;
				CLANG_WARN_CONSTANT_CONVERSION = YES;
				CLANG_WARN_DEPRECATED_OBJC_IMPLEMENTATIONS = YES;
				CLANG_WARN_DIRECT_OBJC_ISA_USAGE = YES_ERROR;
				CLANG_WARN_DOCUMENTATION_COMMENTS = YES;
				CLANG_WARN_EMPTY_BODY = YES;
				CLANG_WARN_ENUM_CONVERSION = YES;
				CLANG_WARN_INFINITE_RECURSION = YES;
				CLANG_WARN_INT_CONVERSION = YES;
				CLANG_WARN_NON_LITERAL_NULL_CONVERSION = YES;
				CLANG_WARN_OBJC_IMPLICIT_RETAIN_SELF = YES;
				CLANG_WARN_OBJC_LITERAL_CONVERSION = YES;
				CLANG_WARN_OBJC_ROOT_CLASS = YES_ERROR;
				CLANG_WARN_QUOTED_INCLUDE_IN_FRAMEWORK_HEADER = YES;
				CLANG_WARN_RANGE_LOOP_ANALYSIS = YES;
				CLANG_WARN_STRICT_PROTOTYPES = YES;
				CLANG_WARN_SUSPICIOUS_MOVE = YES;
				CLANG_WARN_UNGUARDED_AVAILABILITY = YES_AGGRESSIVE;
				CLANG_WARN_UNREACHABLE_CODE = YES;
				CLANG_WARN__DUPLICATE_METHOD_MATCH = YES;
				COPY_PHASE_STRIP = NO;
				DEBUG_INFORMATION_FORMAT = dwarf;
				ENABLE_STRICT_OBJC_MSGSEND = YES;
				ENABLE_TESTABILITY = YES;
				ENABLE_USER_SCRIPT_SANDBOXING = NO;
				GCC_C_LANGUAGE_STANDARD = gnu17;
				GCC_DYNAMIC_NO_PIC = NO;
				GCC_NO_COMMON_BLOCKS = YES;
				GCC_OPTIMIZATION_LEVEL = 0;
				GCC_PREPROCESSOR_DEFINITIONS = (
					"DEBUG=1",
					"$(inherited)",
				);
				GCC_WARN_64_TO_32_BIT_CONVERSION = YES;
				GCC_WARN_ABOUT_RETURN_TYPE = YES_ERROR;
				GCC_WARN_UNDECLARED_SELECTOR = YES;
				GCC_WARN_UNINITIALIZED_AUTOS = YES_AGGRESSIVE;
				GCC_WARN_UNUSED_FUNCTION = YES;
				GCC_WARN_UNUSED_VARIABLE = YES;
				IPHONEOS_DEPLOYMENT_TARGET = 16.0;
				LOCALIZATION_PREFERS_STRING_CATALOGS = YES;
				MTL_ENABLE_DEBUG_INFO = INCLUDE_SOURCE;
				MTL_FAST_MATH = YES;
				ONLY_ACTIVE_ARCH = YES;
				SDKROOT = iphoneos;
				SWIFT_ACTIVE_COMPILATION_CONDITIONS = "DEBUG $(inherited)";
				SWIFT_OPTIMIZATION_LEVEL = "-Onone";
			};
			name = Debug;
		};
		EBF88E402BC5704200DEF2FA /* Release */ = {
			isa = XCBuildConfiguration;
			buildSettings = {
				ALWAYS_SEARCH_USER_PATHS = NO;
				ASSETCATALOG_COMPILER_GENERATE_SWIFT_ASSET_SYMBOL_EXTENSIONS = YES;
				CLANG_ANALYZER_NONNULL = YES;
				CLANG_ANALYZER_NUMBER_OBJECT_CONVERSION = YES_AGGRESSIVE;
				CLANG_CXX_LANGUAGE_STANDARD = "gnu++20";
				CLANG_ENABLE_MODULES = YES;
				CLANG_ENABLE_OBJC_ARC = YES;
				CLANG_ENABLE_OBJC_WEAK = YES;
				CLANG_WARN_BLOCK_CAPTURE_AUTORELEASING = YES;
				CLANG_WARN_BOOL_CONVERSION = YES;
				CLANG_WARN_COMMA = YES;
				CLANG_WARN_CONSTANT_CONVERSION = YES;
				CLANG_WARN_DEPRECATED_OBJC_IMPLEMENTATIONS = YES;
				CLANG_WARN_DIRECT_OBJC_ISA_USAGE = YES_ERROR;
				CLANG_WARN_DOCUMENTATION_COMMENTS = YES;
				CLANG_WARN_EMPTY_BODY = YES;
				CLANG_WARN_ENUM_CONVERSION = YES;
				CLANG_WARN_INFINITE_RECURSION = YES;
				CLANG_WARN_INT_CONVERSION = YES;
				CLANG_WARN_NON_LITERAL_NULL_CONVERSION = YES;
				CLANG_WARN_OBJC_IMPLICIT_RETAIN_SELF = YES;
				CLANG_WARN_OBJC_LITERAL_CONVERSION = YES;
				CLANG_WARN_OBJC_ROOT_CLASS = YES_ERROR;
				CLANG_WARN_QUOTED_INCLUDE_IN_FRAMEWORK_HEADER = YES;
				CLANG_WARN_RANGE_LOOP_ANALYSIS = YES;
				CLANG_WARN_STRICT_PROTOTYPES = YES;
				CLANG_WARN_SUSPICIOUS_MOVE = YES;
				CLANG_WARN_UNGUARDED_AVAILABILITY = YES_AGGRESSIVE;
				CLANG_WARN_UNREACHABLE_CODE = YES;
				CLANG_WARN__DUPLICATE_METHOD_MATCH = YES;
				COPY_PHASE_STRIP = NO;
				DEBUG_INFORMATION_FORMAT = "dwarf-with-dsym";
				ENABLE_NS_ASSERTIONS = NO;
				ENABLE_STRICT_OBJC_MSGSEND = YES;
				ENABLE_USER_SCRIPT_SANDBOXING = NO;
				GCC_C_LANGUAGE_STANDARD = gnu17;
				GCC_NO_COMMON_BLOCKS = YES;
				GCC_WARN_64_TO_32_BIT_CONVERSION = YES;
				GCC_WARN_ABOUT_RETURN_TYPE = YES_ERROR;
				GCC_WARN_UNDECLARED_SELECTOR = YES;
				GCC_WARN_UNINITIALIZED_AUTOS = YES_AGGRESSIVE;
				GCC_WARN_UNUSED_FUNCTION = YES;
				GCC_WARN_UNUSED_VARIABLE = YES;
				IPHONEOS_DEPLOYMENT_TARGET = 16.0;
				LOCALIZATION_PREFERS_STRING_CATALOGS = YES;
				MTL_ENABLE_DEBUG_INFO = NO;
				MTL_FAST_MATH = YES;
				SDKROOT = iphoneos;
				SWIFT_COMPILATION_MODE = wholemodule;
				VALIDATE_PRODUCT = YES;
			};
			name = Release;
		};
		EBF88E422BC5704200DEF2FA /* Debug */ = {
			isa = XCBuildConfiguration;
			baseConfigurationReference = 2A2A3BE874E2D79E74386116 /* Pods-ReFridge.debug.xcconfig */;
			buildSettings = {
				ASSETCATALOG_COMPILER_APPICON_NAME = AppIcon;
				ASSETCATALOG_COMPILER_GLOBAL_ACCENT_COLOR_NAME = AccentColor;
				CODE_SIGN_ENTITLEMENTS = ReFridge/ReFridge.entitlements;
				CODE_SIGN_STYLE = Automatic;
				CURRENT_PROJECT_VERSION = 1;
				DEBUG_INFORMATION_FORMAT = "dwarf-with-dsym";
				DEVELOPMENT_TEAM = 69265F56VU;
				GENERATE_INFOPLIST_FILE = YES;
				INFOPLIST_FILE = ReFridge/Info.plist;
				INFOPLIST_KEY_NSCameraUsageDescription = "請開啟相機即可掃描BarCode";
				INFOPLIST_KEY_UIApplicationSupportsIndirectInputEvents = YES;
				INFOPLIST_KEY_UILaunchStoryboardName = LaunchScreen;
				INFOPLIST_KEY_UIMainStoryboardFile = Main;
				INFOPLIST_KEY_UIStatusBarStyle = "";
				INFOPLIST_KEY_UISupportedInterfaceOrientations = UIInterfaceOrientationPortrait;
				INFOPLIST_KEY_UISupportedInterfaceOrientations_iPad = "UIInterfaceOrientationLandscapeLeft UIInterfaceOrientationLandscapeRight UIInterfaceOrientationPortrait UIInterfaceOrientationPortraitUpsideDown";
				INFOPLIST_KEY_UIUserInterfaceStyle = Light;
				LD_RUNPATH_SEARCH_PATHS = (
					"$(inherited)",
					"@executable_path/Frameworks",
				);
				MARKETING_VERSION = 1.0.1;
				OTHER_LDFLAGS = (
					"$(inherited)",
					"-l\"swiftCoreGraphics\"",
					"-framework",
					"\"Accelerate\"",
					"-framework",
					"\"Algorithms\"",
					"-framework",
					"\"CFNetwork\"",
					"-framework",
					"\"Charts\"",
					"-framework",
					"\"CoreGraphics\"",
					"-framework",
					"\"Foundation\"",
					"-framework",
					"\"IQKeyboardManagerSwift\"",
					"-framework",
					"\"Kingfisher\"",
					"-framework",
					"\"Lottie\"",
					"-framework",
					"\"QuartzCore\"",
					"-framework",
					"\"SnapKit\"",
					"-framework",
					"\"SwiftEntryKit\"",
					"-framework",
					"\"UIKit\"",
					"-weak_framework",
					"\"Combine\"",
					"-weak_framework",
					"\"SwiftUI\"",
					"-ObjC",
				);
				PRODUCT_BUNDLE_IDENTIFIER = com.yunChiehLee.ReFridge;
				PRODUCT_NAME = "$(TARGET_NAME)";
				SUPPORTED_PLATFORMS = "iphoneos iphonesimulator";
				SUPPORTS_MACCATALYST = NO;
				SUPPORTS_MAC_DESIGNED_FOR_IPHONE_IPAD = NO;
				SUPPORTS_XR_DESIGNED_FOR_IPHONE_IPAD = NO;
				SWIFT_EMIT_LOC_STRINGS = YES;
				SWIFT_VERSION = 5.0;
				TARGETED_DEVICE_FAMILY = 1;
			};
			name = Debug;
		};
		EBF88E432BC5704200DEF2FA /* Release */ = {
			isa = XCBuildConfiguration;
			baseConfigurationReference = CB7EF03CBFBE351CEBCF8C77 /* Pods-ReFridge.release.xcconfig */;
			buildSettings = {
				ASSETCATALOG_COMPILER_APPICON_NAME = AppIcon;
				ASSETCATALOG_COMPILER_GLOBAL_ACCENT_COLOR_NAME = AccentColor;
				CODE_SIGN_ENTITLEMENTS = ReFridge/ReFridge.entitlements;
				CODE_SIGN_STYLE = Automatic;
				CURRENT_PROJECT_VERSION = 1;
				DEVELOPMENT_TEAM = 69265F56VU;
				GENERATE_INFOPLIST_FILE = YES;
				INFOPLIST_FILE = ReFridge/Info.plist;
				INFOPLIST_KEY_NSCameraUsageDescription = "請開啟相機即可掃描BarCode";
				INFOPLIST_KEY_UIApplicationSupportsIndirectInputEvents = YES;
				INFOPLIST_KEY_UILaunchStoryboardName = LaunchScreen;
				INFOPLIST_KEY_UIMainStoryboardFile = Main;
				INFOPLIST_KEY_UIStatusBarStyle = "";
				INFOPLIST_KEY_UISupportedInterfaceOrientations = UIInterfaceOrientationPortrait;
				INFOPLIST_KEY_UISupportedInterfaceOrientations_iPad = "UIInterfaceOrientationLandscapeLeft UIInterfaceOrientationLandscapeRight UIInterfaceOrientationPortrait UIInterfaceOrientationPortraitUpsideDown";
				INFOPLIST_KEY_UIUserInterfaceStyle = Light;
				LD_RUNPATH_SEARCH_PATHS = (
					"$(inherited)",
					"@executable_path/Frameworks",
				);
				MARKETING_VERSION = 1.0.1;
				OTHER_LDFLAGS = (
					"$(inherited)",
					"-l\"swiftCoreGraphics\"",
					"-framework",
					"\"Accelerate\"",
					"-framework",
					"\"Algorithms\"",
					"-framework",
					"\"CFNetwork\"",
					"-framework",
					"\"Charts\"",
					"-framework",
					"\"CoreGraphics\"",
					"-framework",
					"\"Foundation\"",
					"-framework",
					"\"IQKeyboardManagerSwift\"",
					"-framework",
					"\"Kingfisher\"",
					"-framework",
					"\"Lottie\"",
					"-framework",
					"\"QuartzCore\"",
					"-framework",
					"\"SnapKit\"",
					"-framework",
					"\"SwiftEntryKit\"",
					"-framework",
					"\"UIKit\"",
					"-weak_framework",
					"\"Combine\"",
					"-weak_framework",
					"\"SwiftUI\"",
					"-ObjC",
				);
				PRODUCT_BUNDLE_IDENTIFIER = com.yunChiehLee.ReFridge;
				PRODUCT_NAME = "$(TARGET_NAME)";
				SUPPORTED_PLATFORMS = "iphoneos iphonesimulator";
				SUPPORTS_MACCATALYST = NO;
				SUPPORTS_MAC_DESIGNED_FOR_IPHONE_IPAD = NO;
				SUPPORTS_XR_DESIGNED_FOR_IPHONE_IPAD = NO;
				SWIFT_EMIT_LOC_STRINGS = YES;
				SWIFT_VERSION = 5.0;
				TARGETED_DEVICE_FAMILY = 1;
			};
			name = Release;
		};
/* End XCBuildConfiguration section */

/* Begin XCConfigurationList section */
		EBF88E282BC5703E00DEF2FA /* Build configuration list for PBXProject "ReFridge" */ = {
			isa = XCConfigurationList;
			buildConfigurations = (
				EBF88E3F2BC5704200DEF2FA /* Debug */,
				EBF88E402BC5704200DEF2FA /* Release */,
			);
			defaultConfigurationIsVisible = 0;
			defaultConfigurationName = Release;
		};
		EBF88E412BC5704200DEF2FA /* Build configuration list for PBXNativeTarget "ReFridge" */ = {
			isa = XCConfigurationList;
			buildConfigurations = (
				EBF88E422BC5704200DEF2FA /* Debug */,
				EBF88E432BC5704200DEF2FA /* Release */,
			);
			defaultConfigurationIsVisible = 0;
			defaultConfigurationName = Release;
		};
/* End XCConfigurationList section */

/* Begin XCRemoteSwiftPackageReference section */
		EBAC18912BCA21FA002BB6E7 /* XCRemoteSwiftPackageReference "firebase-ios-sdk" */ = {
			isa = XCRemoteSwiftPackageReference;
			repositoryURL = "https://github.com/firebase/firebase-ios-sdk";
			requirement = {
				kind = upToNextMajorVersion;
				minimumVersion = 10.24.0;
			};
		};
		EBAF18F32BE639D900442BA0 /* XCRemoteSwiftPackageReference "OpenAI" */ = {
			isa = XCRemoteSwiftPackageReference;
			repositoryURL = "https://github.com/MacPaw/OpenAI.git";
			requirement = {
				kind = upToNextMajorVersion;
				minimumVersion = 0.2.8;
			};
		};
/* End XCRemoteSwiftPackageReference section */

/* Begin XCSwiftPackageProductDependency section */
		EBA194542BEBA77600CFEBAC /* FirebaseFirestoreSwift */ = {
			isa = XCSwiftPackageProductDependency;
			package = EBAC18912BCA21FA002BB6E7 /* XCRemoteSwiftPackageReference "firebase-ios-sdk" */;
			productName = FirebaseFirestoreSwift;
		};
		EBA806D32BEB8074001F9A8C /* FirebaseCrashlytics */ = {
			isa = XCSwiftPackageProductDependency;
			package = EBAC18912BCA21FA002BB6E7 /* XCRemoteSwiftPackageReference "firebase-ios-sdk" */;
			productName = FirebaseCrashlytics;
		};
		EBA806D62BEB8BD3001F9A8C /* FirebaseAnalytics */ = {
			isa = XCSwiftPackageProductDependency;
			package = EBAC18912BCA21FA002BB6E7 /* XCRemoteSwiftPackageReference "firebase-ios-sdk" */;
			productName = FirebaseAnalytics;
		};
		EBA806D82BEB8DBB001F9A8C /* FirebaseAnalyticsSwift */ = {
			isa = XCSwiftPackageProductDependency;
			package = EBAC18912BCA21FA002BB6E7 /* XCRemoteSwiftPackageReference "firebase-ios-sdk" */;
			productName = FirebaseAnalyticsSwift;
		};
		EBAC18922BCA22F0002BB6E7 /* FirebaseAuth */ = {
			isa = XCSwiftPackageProductDependency;
			package = EBAC18912BCA21FA002BB6E7 /* XCRemoteSwiftPackageReference "firebase-ios-sdk" */;
			productName = FirebaseAuth;
		};
		EBAC18942BCA22F0002BB6E7 /* FirebaseFirestore */ = {
			isa = XCSwiftPackageProductDependency;
			package = EBAC18912BCA21FA002BB6E7 /* XCRemoteSwiftPackageReference "firebase-ios-sdk" */;
			productName = FirebaseFirestore;
		};
		EBAF18F42BE639D900442BA0 /* OpenAI */ = {
			isa = XCSwiftPackageProductDependency;
			package = EBAF18F32BE639D900442BA0 /* XCRemoteSwiftPackageReference "OpenAI" */;
			productName = OpenAI;
		};
/* End XCSwiftPackageProductDependency section */
	};
	rootObject = EBF88E252BC5703E00DEF2FA /* Project object */;
}
